
Microsoft Visual Studio Solution File, Format Version 12.00
# Visual Studio Version 16
VisualStudioVersion = 16.0.28729.10
MinimumVisualStudioVersion = 10.0.40219.1
Project("{FAE04EC0-301F-11D3-BF4B-00C04F79EFBC}") = "lab_01_hello_world", "lab_01_hello_world\lab_01_hello_world.csproj", "{19ACB2C1-B98F-4FE3-BEE9-9316017B113C}"
EndProject
Project("{FAE04EC0-301F-11D3-BF4B-00C04F79EFBC}") = "lab_02_FizzBuzz", "lab_02_FizzBuzz\lab_02_FizzBuzz.csproj", "{AAE1E3AC-E6B5-4CCE-A3CE-098A5AAC7A43}"
EndProject
Project("{FAE04EC0-301F-11D3-BF4B-00C04F79EFBC}") = "lab_03_loops", "lab_03_loops\lab_03_loops.csproj", "{7A3E78C1-D411-41B9-A728-4801ABF12543}"
EndProject
Project("{FAE04EC0-301F-11D3-BF4B-00C04F79EFBC}") = "lab_04_dll", "lab_04_dll\lab_04_dll.csproj", "{157A554F-F90D-4439-84AB-208EFEB255DE}"
EndProject
Project("{FAE04EC0-301F-11D3-BF4B-00C04F79EFBC}") = "lab_05_use_dll", "lab_05_use_dll\lab_05_use_dll.csproj", "{9C74BDE5-CD65-49B8-B63D-589F34FFFA63}"
EndProject
Project("{FAE04EC0-301F-11D3-BF4B-00C04F79EFBC}") = "lab_06_namespace", "lab_06_namespace\lab_06_namespace.csproj", "{3DBDF9FC-46BF-4E6E-B677-7790A60B249D}"
EndProject
Project("{FAE04EC0-301F-11D3-BF4B-00C04F79EFBC}") = "lab_07_winforms", "lab_07_winforms\lab_07_winforms.csproj", "{13A8B8BD-8DF4-460D-A9E2-CCE5DE9B3B4B}"
EndProject
Project("{FAE04EC0-301F-11D3-BF4B-00C04F79EFBC}") = "lab_08_loops", "lab_08_loops\lab_08_loops.csproj", "{3A721747-F929-4FBE-A505-78067523729D}"
EndProject
Project("{FAE04EC0-301F-11D3-BF4B-00C04F79EFBC}") = "lab_09_operators", "lab_09_operators\lab_09_operators.csproj", "{8C25A339-6418-488B-8868-FF3F85EC0023}"
EndProject
Project("{FAE04EC0-301F-11D3-BF4B-00C04F79EFBC}") = "lab_10_BODMAS", "lab_10_BODMAS\lab_10_BODMAS.csproj", "{17C62061-38FD-489B-A91D-1403E7198D54}"
EndProject
Project("{FAE04EC0-301F-11D3-BF4B-00C04F79EFBC}") = "lab_11_data_types", "lab_11_data_types\lab_11_data_types.csproj", "{7793C4A4-1050-49FC-8601-1F027277181A}"
EndProject
Project("{FAE04EC0-301F-11D3-BF4B-00C04F79EFBC}") = "lab_12_review", "lab_12_review\lab_12_review.csproj", "{C50DE4E0-FDEB-4310-8028-234150113587}"
EndProject
Project("{FAE04EC0-301F-11D3-BF4B-00C04F79EFBC}") = "lab_13_debug", "lab_13_debug\lab_13_debug.csproj", "{963A2064-F4AE-4567-AF9E-4CF652E87C22}"
EndProject
Project("{FAE04EC0-301F-11D3-BF4B-00C04F79EFBC}") = "lab_14_WPF", "lab_14_WPF\lab_14_WPF.csproj", "{76A83E37-8FF8-44AC-A988-01525295BA77}"
EndProject
Project("{FAE04EC0-301F-11D3-BF4B-00C04F79EFBC}") = "lab_15_rounding_errors", "lab_15_rounding_errors\lab_15_rounding_errors.csproj", "{1FAA8BE0-C0BF-4F2D-84C2-865EEEB06CD4}"
EndProject
Project("{FAE04EC0-301F-11D3-BF4B-00C04F79EFBC}") = "lab_16_null", "lab_16_null\lab_16_null.csproj", "{27C5FEC9-6DD5-4F67-8D82-BF182C5223A9}"
EndProject
Project("{FAE04EC0-301F-11D3-BF4B-00C04F79EFBC}") = "lab_17_datetime", "lab_17_datetime\lab_17_datetime.csproj", "{D917C571-0953-466F-A6C7-959182A256B1}"
EndProject
Project("{FAE04EC0-301F-11D3-BF4B-00C04F79EFBC}") = "lab_18_data_types", "lab_18_data_types\lab_18_data_types.csproj", "{AB386145-7C23-4357-93BA-055EE16FF7FC}"
EndProject
Project("{FAE04EC0-301F-11D3-BF4B-00C04F79EFBC}") = "lab_19_casting", "lab_19_casting\lab_19_casting.csproj", "{55924DCB-1A08-4282-9324-0C8E37FA6D75}"
EndProject
Project("{FAE04EC0-301F-11D3-BF4B-00C04F79EFBC}") = "lab_20_truth_tables", "lab_20_truth_tables\lab_20_truth_tables.csproj", "{6A822D18-C625-4426-805E-84D7F80A9739}"
EndProject
Project("{FAE04EC0-301F-11D3-BF4B-00C04F79EFBC}") = "lab_201_basic coding", "lab_201_basic coding\lab_201_basic coding.csproj", "{7185427F-5459-4F92-88D5-1026F7B0FFCC}"
EndProject
Project("{FAE04EC0-301F-11D3-BF4B-00C04F79EFBC}") = "Code_Wars", "Code_Wars\Code_Wars.csproj", "{9A6F6B35-4755-440C-87A4-519EBF5D932B}"
EndProject
Project("{FAE04EC0-301F-11D3-BF4B-00C04F79EFBC}") = "lab_21_review", "lab_21_review\lab_21_review.csproj", "{7CD36751-2691-4A3C-B2C8-A0851A5E84C9}"
EndProject
Project("{FAE04EC0-301F-11D3-BF4B-00C04F79EFBC}") = "lab_22_Classes", "lab_22_Classes\lab_22_Classes.csproj", "{555B2D65-9638-4D88-B28A-8DC3205AD5CB}"
EndProject
Project("{FAE04EC0-301F-11D3-BF4B-00C04F79EFBC}") = "lab_23_Classes", "lab_23_Classes\lab_23_Classes.csproj", "{B9E673B5-91C1-4E6E-91B3-FED303F5638E}"
EndProject
Project("{FAE04EC0-301F-11D3-BF4B-00C04F79EFBC}") = "lab_24_inheritance", "lab_24_inheritance\lab_24_inheritance.csproj", "{6F18BB32-23DC-456B-8425-F59C8319FBE0}"
EndProject
Project("{FAE04EC0-301F-11D3-BF4B-00C04F79EFBC}") = "lab_25_methods", "lab_25_methods\lab_25_methods.csproj", "{D92A7451-9AF4-4E9A-B884-411B9CA18AE5}"
EndProject
Project("{FAE04EC0-301F-11D3-BF4B-00C04F79EFBC}") = "lab_26_methods2", "lab_26_methods2\lab_26_methods2.csproj", "{62F3E3EC-5DF9-4F5C-98F9-32A6C6F77AB4}"
EndProject
Project("{FAE04EC0-301F-11D3-BF4B-00C04F79EFBC}") = "GAME", "GAME\GAME.csproj", "{963011E9-E4F1-407C-BFFD-5B1E0352908B}"
EndProject
Project("{FAE04EC0-301F-11D3-BF4B-00C04F79EFBC}") = "lab_27_class_methods", "lab_27_class_methods\lab_27_class_methods.csproj", "{105F893D-5860-40FD-AD88-A400BE6AF71F}"
EndProject
Project("{FAE04EC0-301F-11D3-BF4B-00C04F79EFBC}") = "homework_count1000", "homework\homework_count1000.csproj", "{9A322B0B-10BD-4445-8FAE-2CE0ADDE5231}"
EndProject
Project("{FAE04EC0-301F-11D3-BF4B-00C04F79EFBC}") = "ListQueuesStacks", "ListQueuesStacks\ListQueuesStacks.csproj", "{C5F2AAFA-A639-438F-9C63-5366E28FA487}"
EndProject
Project("{FAE04EC0-301F-11D3-BF4B-00C04F79EFBC}") = "lab_29_collections", "lab_29_collections\lab_29_collections.csproj", "{51AA903E-C8E5-4ACD-800D-6BAF8DC89E29}"
EndProject
Project("{FAE04EC0-301F-11D3-BF4B-00C04F79EFBC}") = "lab_30_queue", "lab_30_queue\lab_30_queue.csproj", "{A0E6DF62-1093-4AEE-93BF-515B3D4B12CB}"
EndProject
Project("{FAE04EC0-301F-11D3-BF4B-00C04F79EFBC}") = "lab_31_class_with_properties", "lab_31_class_with_properties\lab_31_class_with_properties.csproj", "{635B2AF4-8818-4383-AD06-16F09FEF110A}"
EndProject
Project("{FAE04EC0-301F-11D3-BF4B-00C04F79EFBC}") = "lab_32_methods", "lab_32_methods\lab_32_methods.csproj", "{ADC7D0DE-3830-4141-B41B-52444E66FB44}"
EndProject
Project("{FAE04EC0-301F-11D3-BF4B-00C04F79EFBC}") = "lab_33_parameters", "lab_33_parameters\lab_33_parameters.csproj", "{1A5DC1DF-6A82-4772-B8F5-3B1E222A0F8D}"
EndProject
Project("{FAE04EC0-301F-11D3-BF4B-00C04F79EFBC}") = "lab_34_optional_and_named_parameters", "lab_34_optional_and_named_parameters\lab_34_optional_and_named_parameters.csproj", "{A1D418E7-EA86-4769-8B8F-90AC0E57FE45}"
EndProject
Project("{FAE04EC0-301F-11D3-BF4B-00C04F79EFBC}") = "lab_35_constructors", "lab_35_constructors\lab_35_constructors.csproj", "{EC4DA974-5EE9-444E-851B-135055672B48}"
EndProject
Project("{FAE04EC0-301F-11D3-BF4B-00C04F79EFBC}") = "lab_36_overloading", "lab_36_overloading\lab_36_overloading.csproj", "{CEEF9AA6-E422-4D09-81DD-28D2BD284810}"
EndProject
Project("{FAE04EC0-301F-11D3-BF4B-00C04F79EFBC}") = "lab_37_by_reference", "lab_37_by_reference\lab_37_by_reference.csproj", "{DA555155-88AA-4990-AA18-7DC23643001F}"
EndProject
Project("{FAE04EC0-301F-11D3-BF4B-00C04F79EFBC}") = "lab_38_pass_object_into_method", "lab_38_pass_object_into_method\lab_38_pass_object_into_method.csproj", "{D4384ACB-6241-438F-B6ED-D14AA1C695B9}"
EndProject
Project("{FAE04EC0-301F-11D3-BF4B-00C04F79EFBC}") = "lab_39_Polymorphism", "lab_39_Polymorphism\lab_39_Polymorphism.csproj", "{A047BA16-3729-4850-A473-F8B0471F13F5}"
EndProject
Project("{FAE04EC0-301F-11D3-BF4B-00C04F79EFBC}") = "lab_39_part2", "lab_39_part2\lab_39_part2.csproj", "{BB6DD1BA-79B7-4799-A722-4D53FBD20997}"
EndProject
Project("{FAE04EC0-301F-11D3-BF4B-00C04F79EFBC}") = "lab_40_abstracts", "lab_40_abstracts\lab_40_abstracts.csproj", "{4EAF7915-0940-4FEF-9B3A-40B0D875CF9B}"
EndProject
Project("{FAE04EC0-301F-11D3-BF4B-00C04F79EFBC}") = "Homework_1_collection", "HomeworkWeek3\Homework_1_collection.csproj", "{3855C1B4-3B60-476D-A3FA-D0D4E0F0C643}"
EndProject
Project("{FAE04EC0-301F-11D3-BF4B-00C04F79EFBC}") = "Homework_2_Classes", "Homework_2_Classes\Homework_2_Classes.csproj", "{037D02BC-0507-43A8-B851-0EEFCA77C8E9}"
EndProject
Project("{FAE04EC0-301F-11D3-BF4B-00C04F79EFBC}") = "Homework_3_Methods", "Homework_3_Methods\Homework_3_Methods.csproj", "{30F6AD22-83FD-481D-8C56-DE2FEB4805ED}"
EndProject
Project("{FAE04EC0-301F-11D3-BF4B-00C04F79EFBC}") = "Homework_4_Methods_dog", "Homework_4_Methods_dog\Homework_4_Methods_dog.csproj", "{24F9A7AD-73CB-4E18-A4CC-6A04657A8245}"
EndProject
Global
	GlobalSection(SolutionConfigurationPlatforms) = preSolution
		Debug|Any CPU = Debug|Any CPU
		Release|Any CPU = Release|Any CPU
	EndGlobalSection
	GlobalSection(ProjectConfigurationPlatforms) = postSolution
		{19ACB2C1-B98F-4FE3-BEE9-9316017B113C}.Debug|Any CPU.ActiveCfg = Debug|Any CPU
		{19ACB2C1-B98F-4FE3-BEE9-9316017B113C}.Debug|Any CPU.Build.0 = Debug|Any CPU
		{19ACB2C1-B98F-4FE3-BEE9-9316017B113C}.Release|Any CPU.ActiveCfg = Release|Any CPU
		{19ACB2C1-B98F-4FE3-BEE9-9316017B113C}.Release|Any CPU.Build.0 = Release|Any CPU
		{AAE1E3AC-E6B5-4CCE-A3CE-098A5AAC7A43}.Debug|Any CPU.ActiveCfg = Debug|Any CPU
		{AAE1E3AC-E6B5-4CCE-A3CE-098A5AAC7A43}.Debug|Any CPU.Build.0 = Debug|Any CPU
		{AAE1E3AC-E6B5-4CCE-A3CE-098A5AAC7A43}.Release|Any CPU.ActiveCfg = Release|Any CPU
		{AAE1E3AC-E6B5-4CCE-A3CE-098A5AAC7A43}.Release|Any CPU.Build.0 = Release|Any CPU
		{7A3E78C1-D411-41B9-A728-4801ABF12543}.Debug|Any CPU.ActiveCfg = Debug|Any CPU
		{7A3E78C1-D411-41B9-A728-4801ABF12543}.Debug|Any CPU.Build.0 = Debug|Any CPU
		{7A3E78C1-D411-41B9-A728-4801ABF12543}.Release|Any CPU.ActiveCfg = Release|Any CPU
		{7A3E78C1-D411-41B9-A728-4801ABF12543}.Release|Any CPU.Build.0 = Release|Any CPU
		{157A554F-F90D-4439-84AB-208EFEB255DE}.Debug|Any CPU.ActiveCfg = Debug|Any CPU
		{157A554F-F90D-4439-84AB-208EFEB255DE}.Debug|Any CPU.Build.0 = Debug|Any CPU
		{157A554F-F90D-4439-84AB-208EFEB255DE}.Release|Any CPU.ActiveCfg = Release|Any CPU
		{157A554F-F90D-4439-84AB-208EFEB255DE}.Release|Any CPU.Build.0 = Release|Any CPU
		{9C74BDE5-CD65-49B8-B63D-589F34FFFA63}.Debug|Any CPU.ActiveCfg = Debug|Any CPU
		{9C74BDE5-CD65-49B8-B63D-589F34FFFA63}.Debug|Any CPU.Build.0 = Debug|Any CPU
		{9C74BDE5-CD65-49B8-B63D-589F34FFFA63}.Release|Any CPU.ActiveCfg = Release|Any CPU
		{9C74BDE5-CD65-49B8-B63D-589F34FFFA63}.Release|Any CPU.Build.0 = Release|Any CPU
		{3DBDF9FC-46BF-4E6E-B677-7790A60B249D}.Debug|Any CPU.ActiveCfg = Debug|Any CPU
		{3DBDF9FC-46BF-4E6E-B677-7790A60B249D}.Debug|Any CPU.Build.0 = Debug|Any CPU
		{3DBDF9FC-46BF-4E6E-B677-7790A60B249D}.Release|Any CPU.ActiveCfg = Release|Any CPU
		{3DBDF9FC-46BF-4E6E-B677-7790A60B249D}.Release|Any CPU.Build.0 = Release|Any CPU
		{13A8B8BD-8DF4-460D-A9E2-CCE5DE9B3B4B}.Debug|Any CPU.ActiveCfg = Debug|Any CPU
		{13A8B8BD-8DF4-460D-A9E2-CCE5DE9B3B4B}.Debug|Any CPU.Build.0 = Debug|Any CPU
		{13A8B8BD-8DF4-460D-A9E2-CCE5DE9B3B4B}.Release|Any CPU.ActiveCfg = Release|Any CPU
		{13A8B8BD-8DF4-460D-A9E2-CCE5DE9B3B4B}.Release|Any CPU.Build.0 = Release|Any CPU
		{3A721747-F929-4FBE-A505-78067523729D}.Debug|Any CPU.ActiveCfg = Debug|Any CPU
		{3A721747-F929-4FBE-A505-78067523729D}.Debug|Any CPU.Build.0 = Debug|Any CPU
		{3A721747-F929-4FBE-A505-78067523729D}.Release|Any CPU.ActiveCfg = Release|Any CPU
		{3A721747-F929-4FBE-A505-78067523729D}.Release|Any CPU.Build.0 = Release|Any CPU
		{8C25A339-6418-488B-8868-FF3F85EC0023}.Debug|Any CPU.ActiveCfg = Debug|Any CPU
		{8C25A339-6418-488B-8868-FF3F85EC0023}.Debug|Any CPU.Build.0 = Debug|Any CPU
		{8C25A339-6418-488B-8868-FF3F85EC0023}.Release|Any CPU.ActiveCfg = Release|Any CPU
		{8C25A339-6418-488B-8868-FF3F85EC0023}.Release|Any CPU.Build.0 = Release|Any CPU
		{17C62061-38FD-489B-A91D-1403E7198D54}.Debug|Any CPU.ActiveCfg = Debug|Any CPU
		{17C62061-38FD-489B-A91D-1403E7198D54}.Debug|Any CPU.Build.0 = Debug|Any CPU
		{17C62061-38FD-489B-A91D-1403E7198D54}.Release|Any CPU.ActiveCfg = Release|Any CPU
		{17C62061-38FD-489B-A91D-1403E7198D54}.Release|Any CPU.Build.0 = Release|Any CPU
		{7793C4A4-1050-49FC-8601-1F027277181A}.Debug|Any CPU.ActiveCfg = Debug|Any CPU
		{7793C4A4-1050-49FC-8601-1F027277181A}.Debug|Any CPU.Build.0 = Debug|Any CPU
		{7793C4A4-1050-49FC-8601-1F027277181A}.Release|Any CPU.ActiveCfg = Release|Any CPU
		{7793C4A4-1050-49FC-8601-1F027277181A}.Release|Any CPU.Build.0 = Release|Any CPU
		{C50DE4E0-FDEB-4310-8028-234150113587}.Debug|Any CPU.ActiveCfg = Debug|Any CPU
		{C50DE4E0-FDEB-4310-8028-234150113587}.Debug|Any CPU.Build.0 = Debug|Any CPU
		{C50DE4E0-FDEB-4310-8028-234150113587}.Release|Any CPU.ActiveCfg = Release|Any CPU
		{C50DE4E0-FDEB-4310-8028-234150113587}.Release|Any CPU.Build.0 = Release|Any CPU
		{963A2064-F4AE-4567-AF9E-4CF652E87C22}.Debug|Any CPU.ActiveCfg = Release|Any CPU
		{963A2064-F4AE-4567-AF9E-4CF652E87C22}.Debug|Any CPU.Build.0 = Release|Any CPU
		{963A2064-F4AE-4567-AF9E-4CF652E87C22}.Release|Any CPU.ActiveCfg = Release|Any CPU
		{963A2064-F4AE-4567-AF9E-4CF652E87C22}.Release|Any CPU.Build.0 = Release|Any CPU
		{76A83E37-8FF8-44AC-A988-01525295BA77}.Debug|Any CPU.ActiveCfg = Debug|Any CPU
		{76A83E37-8FF8-44AC-A988-01525295BA77}.Debug|Any CPU.Build.0 = Debug|Any CPU
		{76A83E37-8FF8-44AC-A988-01525295BA77}.Release|Any CPU.ActiveCfg = Release|Any CPU
		{76A83E37-8FF8-44AC-A988-01525295BA77}.Release|Any CPU.Build.0 = Release|Any CPU
		{1FAA8BE0-C0BF-4F2D-84C2-865EEEB06CD4}.Debug|Any CPU.ActiveCfg = Debug|Any CPU
		{1FAA8BE0-C0BF-4F2D-84C2-865EEEB06CD4}.Debug|Any CPU.Build.0 = Debug|Any CPU
		{1FAA8BE0-C0BF-4F2D-84C2-865EEEB06CD4}.Release|Any CPU.ActiveCfg = Release|Any CPU
		{1FAA8BE0-C0BF-4F2D-84C2-865EEEB06CD4}.Release|Any CPU.Build.0 = Release|Any CPU
		{27C5FEC9-6DD5-4F67-8D82-BF182C5223A9}.Debug|Any CPU.ActiveCfg = Debug|Any CPU
		{27C5FEC9-6DD5-4F67-8D82-BF182C5223A9}.Debug|Any CPU.Build.0 = Debug|Any CPU
		{27C5FEC9-6DD5-4F67-8D82-BF182C5223A9}.Release|Any CPU.ActiveCfg = Release|Any CPU
		{27C5FEC9-6DD5-4F67-8D82-BF182C5223A9}.Release|Any CPU.Build.0 = Release|Any CPU
		{D917C571-0953-466F-A6C7-959182A256B1}.Debug|Any CPU.ActiveCfg = Debug|Any CPU
		{D917C571-0953-466F-A6C7-959182A256B1}.Debug|Any CPU.Build.0 = Debug|Any CPU
		{D917C571-0953-466F-A6C7-959182A256B1}.Release|Any CPU.ActiveCfg = Release|Any CPU
		{D917C571-0953-466F-A6C7-959182A256B1}.Release|Any CPU.Build.0 = Release|Any CPU
		{AB386145-7C23-4357-93BA-055EE16FF7FC}.Debug|Any CPU.ActiveCfg = Debug|Any CPU
		{AB386145-7C23-4357-93BA-055EE16FF7FC}.Debug|Any CPU.Build.0 = Debug|Any CPU
		{AB386145-7C23-4357-93BA-055EE16FF7FC}.Release|Any CPU.ActiveCfg = Release|Any CPU
		{AB386145-7C23-4357-93BA-055EE16FF7FC}.Release|Any CPU.Build.0 = Release|Any CPU
		{55924DCB-1A08-4282-9324-0C8E37FA6D75}.Debug|Any CPU.ActiveCfg = Debug|Any CPU
		{55924DCB-1A08-4282-9324-0C8E37FA6D75}.Debug|Any CPU.Build.0 = Debug|Any CPU
		{55924DCB-1A08-4282-9324-0C8E37FA6D75}.Release|Any CPU.ActiveCfg = Release|Any CPU
		{55924DCB-1A08-4282-9324-0C8E37FA6D75}.Release|Any CPU.Build.0 = Release|Any CPU
		{6A822D18-C625-4426-805E-84D7F80A9739}.Debug|Any CPU.ActiveCfg = Debug|Any CPU
		{6A822D18-C625-4426-805E-84D7F80A9739}.Debug|Any CPU.Build.0 = Debug|Any CPU
		{6A822D18-C625-4426-805E-84D7F80A9739}.Release|Any CPU.ActiveCfg = Release|Any CPU
		{6A822D18-C625-4426-805E-84D7F80A9739}.Release|Any CPU.Build.0 = Release|Any CPU
		{7185427F-5459-4F92-88D5-1026F7B0FFCC}.Debug|Any CPU.ActiveCfg = Debug|Any CPU
		{7185427F-5459-4F92-88D5-1026F7B0FFCC}.Debug|Any CPU.Build.0 = Debug|Any CPU
		{7185427F-5459-4F92-88D5-1026F7B0FFCC}.Release|Any CPU.ActiveCfg = Release|Any CPU
		{7185427F-5459-4F92-88D5-1026F7B0FFCC}.Release|Any CPU.Build.0 = Release|Any CPU
		{9A6F6B35-4755-440C-87A4-519EBF5D932B}.Debug|Any CPU.ActiveCfg = Debug|Any CPU
		{9A6F6B35-4755-440C-87A4-519EBF5D932B}.Debug|Any CPU.Build.0 = Debug|Any CPU
		{9A6F6B35-4755-440C-87A4-519EBF5D932B}.Release|Any CPU.ActiveCfg = Release|Any CPU
		{9A6F6B35-4755-440C-87A4-519EBF5D932B}.Release|Any CPU.Build.0 = Release|Any CPU
		{7CD36751-2691-4A3C-B2C8-A0851A5E84C9}.Debug|Any CPU.ActiveCfg = Debug|Any CPU
		{7CD36751-2691-4A3C-B2C8-A0851A5E84C9}.Debug|Any CPU.Build.0 = Debug|Any CPU
		{7CD36751-2691-4A3C-B2C8-A0851A5E84C9}.Release|Any CPU.ActiveCfg = Release|Any CPU
		{7CD36751-2691-4A3C-B2C8-A0851A5E84C9}.Release|Any CPU.Build.0 = Release|Any CPU
		{555B2D65-9638-4D88-B28A-8DC3205AD5CB}.Debug|Any CPU.ActiveCfg = Debug|Any CPU
		{555B2D65-9638-4D88-B28A-8DC3205AD5CB}.Debug|Any CPU.Build.0 = Debug|Any CPU
		{555B2D65-9638-4D88-B28A-8DC3205AD5CB}.Release|Any CPU.ActiveCfg = Release|Any CPU
		{555B2D65-9638-4D88-B28A-8DC3205AD5CB}.Release|Any CPU.Build.0 = Release|Any CPU
		{B9E673B5-91C1-4E6E-91B3-FED303F5638E}.Debug|Any CPU.ActiveCfg = Debug|Any CPU
		{B9E673B5-91C1-4E6E-91B3-FED303F5638E}.Debug|Any CPU.Build.0 = Debug|Any CPU
		{B9E673B5-91C1-4E6E-91B3-FED303F5638E}.Release|Any CPU.ActiveCfg = Release|Any CPU
		{B9E673B5-91C1-4E6E-91B3-FED303F5638E}.Release|Any CPU.Build.0 = Release|Any CPU
		{6F18BB32-23DC-456B-8425-F59C8319FBE0}.Debug|Any CPU.ActiveCfg = Debug|Any CPU
		{6F18BB32-23DC-456B-8425-F59C8319FBE0}.Debug|Any CPU.Build.0 = Debug|Any CPU
		{6F18BB32-23DC-456B-8425-F59C8319FBE0}.Release|Any CPU.ActiveCfg = Release|Any CPU
		{6F18BB32-23DC-456B-8425-F59C8319FBE0}.Release|Any CPU.Build.0 = Release|Any CPU
		{D92A7451-9AF4-4E9A-B884-411B9CA18AE5}.Debug|Any CPU.ActiveCfg = Debug|Any CPU
		{D92A7451-9AF4-4E9A-B884-411B9CA18AE5}.Debug|Any CPU.Build.0 = Debug|Any CPU
		{D92A7451-9AF4-4E9A-B884-411B9CA18AE5}.Release|Any CPU.ActiveCfg = Release|Any CPU
		{D92A7451-9AF4-4E9A-B884-411B9CA18AE5}.Release|Any CPU.Build.0 = Release|Any CPU
		{62F3E3EC-5DF9-4F5C-98F9-32A6C6F77AB4}.Debug|Any CPU.ActiveCfg = Debug|Any CPU
		{62F3E3EC-5DF9-4F5C-98F9-32A6C6F77AB4}.Debug|Any CPU.Build.0 = Debug|Any CPU
		{62F3E3EC-5DF9-4F5C-98F9-32A6C6F77AB4}.Release|Any CPU.ActiveCfg = Release|Any CPU
		{62F3E3EC-5DF9-4F5C-98F9-32A6C6F77AB4}.Release|Any CPU.Build.0 = Release|Any CPU
		{963011E9-E4F1-407C-BFFD-5B1E0352908B}.Debug|Any CPU.ActiveCfg = Debug|Any CPU
		{963011E9-E4F1-407C-BFFD-5B1E0352908B}.Debug|Any CPU.Build.0 = Debug|Any CPU
		{963011E9-E4F1-407C-BFFD-5B1E0352908B}.Release|Any CPU.ActiveCfg = Release|Any CPU
		{963011E9-E4F1-407C-BFFD-5B1E0352908B}.Release|Any CPU.Build.0 = Release|Any CPU
		{105F893D-5860-40FD-AD88-A400BE6AF71F}.Debug|Any CPU.ActiveCfg = Debug|Any CPU
		{105F893D-5860-40FD-AD88-A400BE6AF71F}.Debug|Any CPU.Build.0 = Debug|Any CPU
		{105F893D-5860-40FD-AD88-A400BE6AF71F}.Release|Any CPU.ActiveCfg = Release|Any CPU
		{105F893D-5860-40FD-AD88-A400BE6AF71F}.Release|Any CPU.Build.0 = Release|Any CPU
		{9A322B0B-10BD-4445-8FAE-2CE0ADDE5231}.Debug|Any CPU.ActiveCfg = Debug|Any CPU
		{9A322B0B-10BD-4445-8FAE-2CE0ADDE5231}.Debug|Any CPU.Build.0 = Debug|Any CPU
		{9A322B0B-10BD-4445-8FAE-2CE0ADDE5231}.Release|Any CPU.ActiveCfg = Release|Any CPU
		{9A322B0B-10BD-4445-8FAE-2CE0ADDE5231}.Release|Any CPU.Build.0 = Release|Any CPU
		{C5F2AAFA-A639-438F-9C63-5366E28FA487}.Debug|Any CPU.ActiveCfg = Debug|Any CPU
		{C5F2AAFA-A639-438F-9C63-5366E28FA487}.Debug|Any CPU.Build.0 = Debug|Any CPU
		{C5F2AAFA-A639-438F-9C63-5366E28FA487}.Release|Any CPU.ActiveCfg = Release|Any CPU
		{C5F2AAFA-A639-438F-9C63-5366E28FA487}.Release|Any CPU.Build.0 = Release|Any CPU
		{51AA903E-C8E5-4ACD-800D-6BAF8DC89E29}.Debug|Any CPU.ActiveCfg = Debug|Any CPU
		{51AA903E-C8E5-4ACD-800D-6BAF8DC89E29}.Debug|Any CPU.Build.0 = Debug|Any CPU
		{51AA903E-C8E5-4ACD-800D-6BAF8DC89E29}.Release|Any CPU.ActiveCfg = Release|Any CPU
		{51AA903E-C8E5-4ACD-800D-6BAF8DC89E29}.Release|Any CPU.Build.0 = Release|Any CPU
		{A0E6DF62-1093-4AEE-93BF-515B3D4B12CB}.Debug|Any CPU.ActiveCfg = Debug|Any CPU
		{A0E6DF62-1093-4AEE-93BF-515B3D4B12CB}.Debug|Any CPU.Build.0 = Debug|Any CPU
		{A0E6DF62-1093-4AEE-93BF-515B3D4B12CB}.Release|Any CPU.ActiveCfg = Release|Any CPU
		{A0E6DF62-1093-4AEE-93BF-515B3D4B12CB}.Release|Any CPU.Build.0 = Release|Any CPU
		{635B2AF4-8818-4383-AD06-16F09FEF110A}.Debug|Any CPU.ActiveCfg = Debug|Any CPU
		{635B2AF4-8818-4383-AD06-16F09FEF110A}.Debug|Any CPU.Build.0 = Debug|Any CPU
		{635B2AF4-8818-4383-AD06-16F09FEF110A}.Release|Any CPU.ActiveCfg = Release|Any CPU
		{635B2AF4-8818-4383-AD06-16F09FEF110A}.Release|Any CPU.Build.0 = Release|Any CPU
		{ADC7D0DE-3830-4141-B41B-52444E66FB44}.Debug|Any CPU.ActiveCfg = Debug|Any CPU
		{ADC7D0DE-3830-4141-B41B-52444E66FB44}.Debug|Any CPU.Build.0 = Debug|Any CPU
		{ADC7D0DE-3830-4141-B41B-52444E66FB44}.Release|Any CPU.ActiveCfg = Release|Any CPU
		{ADC7D0DE-3830-4141-B41B-52444E66FB44}.Release|Any CPU.Build.0 = Release|Any CPU
		{1A5DC1DF-6A82-4772-B8F5-3B1E222A0F8D}.Debug|Any CPU.ActiveCfg = Debug|Any CPU
		{1A5DC1DF-6A82-4772-B8F5-3B1E222A0F8D}.Debug|Any CPU.Build.0 = Debug|Any CPU
		{1A5DC1DF-6A82-4772-B8F5-3B1E222A0F8D}.Release|Any CPU.ActiveCfg = Release|Any CPU
		{1A5DC1DF-6A82-4772-B8F5-3B1E222A0F8D}.Release|Any CPU.Build.0 = Release|Any CPU
		{A1D418E7-EA86-4769-8B8F-90AC0E57FE45}.Debug|Any CPU.ActiveCfg = Debug|Any CPU
		{A1D418E7-EA86-4769-8B8F-90AC0E57FE45}.Debug|Any CPU.Build.0 = Debug|Any CPU
		{A1D418E7-EA86-4769-8B8F-90AC0E57FE45}.Release|Any CPU.ActiveCfg = Release|Any CPU
		{A1D418E7-EA86-4769-8B8F-90AC0E57FE45}.Release|Any CPU.Build.0 = Release|Any CPU
		{EC4DA974-5EE9-444E-851B-135055672B48}.Debug|Any CPU.ActiveCfg = Debug|Any CPU
		{EC4DA974-5EE9-444E-851B-135055672B48}.Debug|Any CPU.Build.0 = Debug|Any CPU
		{EC4DA974-5EE9-444E-851B-135055672B48}.Release|Any CPU.ActiveCfg = Release|Any CPU
		{EC4DA974-5EE9-444E-851B-135055672B48}.Release|Any CPU.Build.0 = Release|Any CPU
		{CEEF9AA6-E422-4D09-81DD-28D2BD284810}.Debug|Any CPU.ActiveCfg = Debug|Any CPU
		{CEEF9AA6-E422-4D09-81DD-28D2BD284810}.Debug|Any CPU.Build.0 = Debug|Any CPU
		{CEEF9AA6-E422-4D09-81DD-28D2BD284810}.Release|Any CPU.ActiveCfg = Release|Any CPU
		{CEEF9AA6-E422-4D09-81DD-28D2BD284810}.Release|Any CPU.Build.0 = Release|Any CPU
		{DA555155-88AA-4990-AA18-7DC23643001F}.Debug|Any CPU.ActiveCfg = Debug|Any CPU
		{DA555155-88AA-4990-AA18-7DC23643001F}.Debug|Any CPU.Build.0 = Debug|Any CPU
		{DA555155-88AA-4990-AA18-7DC23643001F}.Release|Any CPU.ActiveCfg = Release|Any CPU
		{DA555155-88AA-4990-AA18-7DC23643001F}.Release|Any CPU.Build.0 = Release|Any CPU
		{D4384ACB-6241-438F-B6ED-D14AA1C695B9}.Debug|Any CPU.ActiveCfg = Debug|Any CPU
		{D4384ACB-6241-438F-B6ED-D14AA1C695B9}.Debug|Any CPU.Build.0 = Debug|Any CPU
		{D4384ACB-6241-438F-B6ED-D14AA1C695B9}.Release|Any CPU.ActiveCfg = Release|Any CPU
		{D4384ACB-6241-438F-B6ED-D14AA1C695B9}.Release|Any CPU.Build.0 = Release|Any CPU
		{A047BA16-3729-4850-A473-F8B0471F13F5}.Debug|Any CPU.ActiveCfg = Debug|Any CPU
		{A047BA16-3729-4850-A473-F8B0471F13F5}.Debug|Any CPU.Build.0 = Debug|Any CPU
		{A047BA16-3729-4850-A473-F8B0471F13F5}.Release|Any CPU.ActiveCfg = Release|Any CPU
		{A047BA16-3729-4850-A473-F8B0471F13F5}.Release|Any CPU.Build.0 = Release|Any CPU
		{BB6DD1BA-79B7-4799-A722-4D53FBD20997}.Debug|Any CPU.ActiveCfg = Debug|Any CPU
		{BB6DD1BA-79B7-4799-A722-4D53FBD20997}.Debug|Any CPU.Build.0 = Debug|Any CPU
		{BB6DD1BA-79B7-4799-A722-4D53FBD20997}.Release|Any CPU.ActiveCfg = Release|Any CPU
		{BB6DD1BA-79B7-4799-A722-4D53FBD20997}.Release|Any CPU.Build.0 = Release|Any CPU
		{4EAF7915-0940-4FEF-9B3A-40B0D875CF9B}.Debug|Any CPU.ActiveCfg = Debug|Any CPU
		{4EAF7915-0940-4FEF-9B3A-40B0D875CF9B}.Debug|Any CPU.Build.0 = Debug|Any CPU
		{4EAF7915-0940-4FEF-9B3A-40B0D875CF9B}.Release|Any CPU.ActiveCfg = Release|Any CPU
		{4EAF7915-0940-4FEF-9B3A-40B0D875CF9B}.Release|Any CPU.Build.0 = Release|Any CPU
		{3855C1B4-3B60-476D-A3FA-D0D4E0F0C643}.Debug|Any CPU.ActiveCfg = Debug|Any CPU
		{3855C1B4-3B60-476D-A3FA-D0D4E0F0C643}.Debug|Any CPU.Build.0 = Debug|Any CPU
		{3855C1B4-3B60-476D-A3FA-D0D4E0F0C643}.Release|Any CPU.ActiveCfg = Release|Any CPU
		{3855C1B4-3B60-476D-A3FA-D0D4E0F0C643}.Release|Any CPU.Build.0 = Release|Any CPU
		{037D02BC-0507-43A8-B851-0EEFCA77C8E9}.Debug|Any CPU.ActiveCfg = Debug|Any CPU
		{037D02BC-0507-43A8-B851-0EEFCA77C8E9}.Debug|Any CPU.Build.0 = Debug|Any CPU
		{037D02BC-0507-43A8-B851-0EEFCA77C8E9}.Release|Any CPU.ActiveCfg = Release|Any CPU
		{037D02BC-0507-43A8-B851-0EEFCA77C8E9}.Release|Any CPU.Build.0 = Release|Any CPU
		{30F6AD22-83FD-481D-8C56-DE2FEB4805ED}.Debug|Any CPU.ActiveCfg = Debug|Any CPU
		{30F6AD22-83FD-481D-8C56-DE2FEB4805ED}.Debug|Any CPU.Build.0 = Debug|Any CPU
		{30F6AD22-83FD-481D-8C56-DE2FEB4805ED}.Release|Any CPU.ActiveCfg = Release|Any CPU
		{30F6AD22-83FD-481D-8C56-DE2FEB4805ED}.Release|Any CPU.Build.0 = Release|Any CPU
		{24F9A7AD-73CB-4E18-A4CC-6A04657A8245}.Debug|Any CPU.ActiveCfg = Debug|Any CPU
		{24F9A7AD-73CB-4E18-A4CC-6A04657A8245}.Debug|Any CPU.Build.0 = Debug|Any CPU
		{24F9A7AD-73CB-4E18-A4CC-6A04657A8245}.Release|Any CPU.ActiveCfg = Release|Any CPU
		{24F9A7AD-73CB-4E18-A4CC-6A04657A8245}.Release|Any CPU.Build.0 = Release|Any CPU
	EndGlobalSection
	GlobalSection(SolutionProperties) = preSolution
		HideSolutionNode = FALSE
	EndGlobalSection
	GlobalSection(ExtensibilityGlobals) = postSolution
		SolutionGuid = {58B02058-A6AA-484F-929B-0226611667F7}
	EndGlobalSection
EndGlobal
