
Microsoft Visual Studio Solution File, Format Version 12.00
# Visual Studio Version 16
VisualStudioVersion = 16.0.28729.10
MinimumVisualStudioVersion = 10.0.40219.1
Project("{FAE04EC0-301F-11D3-BF4B-00C04F79EFBC}") = "lab_01_hello_world", "lab_01_hello_world\lab_01_hello_world.csproj", "{19ACB2C1-B98F-4FE3-BEE9-9316017B113C}"
EndProject
Project("{FAE04EC0-301F-11D3-BF4B-00C04F79EFBC}") = "lab_02_FizzBuzz", "lab_02_FizzBuzz\lab_02_FizzBuzz.csproj", "{AAE1E3AC-E6B5-4CCE-A3CE-098A5AAC7A43}"
EndProject
Project("{FAE04EC0-301F-11D3-BF4B-00C04F79EFBC}") = "lab_03_loops", "lab_03_loops\lab_03_loops.csproj", "{7A3E78C1-D411-41B9-A728-4801ABF12543}"
EndProject
Project("{FAE04EC0-301F-11D3-BF4B-00C04F79EFBC}") = "lab_04_dll", "lab_04_dll\lab_04_dll.csproj", "{157A554F-F90D-4439-84AB-208EFEB255DE}"
EndProject
Project("{FAE04EC0-301F-11D3-BF4B-00C04F79EFBC}") = "lab_05_use_dll", "lab_05_use_dll\lab_05_use_dll.csproj", "{9C74BDE5-CD65-49B8-B63D-589F34FFFA63}"
EndProject
Project("{FAE04EC0-301F-11D3-BF4B-00C04F79EFBC}") = "lab_06_namespace", "lab_06_namespace\lab_06_namespace.csproj", "{3DBDF9FC-46BF-4E6E-B677-7790A60B249D}"
EndProject
Project("{FAE04EC0-301F-11D3-BF4B-00C04F79EFBC}") = "lab_07_winforms", "lab_07_winforms\lab_07_winforms.csproj", "{13A8B8BD-8DF4-460D-A9E2-CCE5DE9B3B4B}"
EndProject
Project("{FAE04EC0-301F-11D3-BF4B-00C04F79EFBC}") = "lab_08_loops", "lab_08_loops\lab_08_loops.csproj", "{3A721747-F929-4FBE-A505-78067523729D}"
EndProject
Project("{FAE04EC0-301F-11D3-BF4B-00C04F79EFBC}") = "lab_09_operators", "lab_09_operators\lab_09_operators.csproj", "{8C25A339-6418-488B-8868-FF3F85EC0023}"
EndProject
Project("{FAE04EC0-301F-11D3-BF4B-00C04F79EFBC}") = "lab_10_BODMAS", "lab_10_BODMAS\lab_10_BODMAS.csproj", "{17C62061-38FD-489B-A91D-1403E7198D54}"
EndProject
Project("{FAE04EC0-301F-11D3-BF4B-00C04F79EFBC}") = "lab_11_data_types", "lab_11_data_types\lab_11_data_types.csproj", "{7793C4A4-1050-49FC-8601-1F027277181A}"
EndProject
Project("{FAE04EC0-301F-11D3-BF4B-00C04F79EFBC}") = "lab_12_review", "lab_12_review\lab_12_review.csproj", "{C50DE4E0-FDEB-4310-8028-234150113587}"
EndProject
Project("{FAE04EC0-301F-11D3-BF4B-00C04F79EFBC}") = "lab_13_debug", "lab_13_debug\lab_13_debug.csproj", "{963A2064-F4AE-4567-AF9E-4CF652E87C22}"
EndProject
Project("{FAE04EC0-301F-11D3-BF4B-00C04F79EFBC}") = "lab_14_WPF", "lab_14_WPF\lab_14_WPF.csproj", "{76A83E37-8FF8-44AC-A988-01525295BA77}"
EndProject
Project("{FAE04EC0-301F-11D3-BF4B-00C04F79EFBC}") = "lab_15_rounding_errors", "lab_15_rounding_errors\lab_15_rounding_errors.csproj", "{1FAA8BE0-C0BF-4F2D-84C2-865EEEB06CD4}"
EndProject
Project("{FAE04EC0-301F-11D3-BF4B-00C04F79EFBC}") = "lab_16_null", "lab_16_null\lab_16_null.csproj", "{27C5FEC9-6DD5-4F67-8D82-BF182C5223A9}"
EndProject
Project("{FAE04EC0-301F-11D3-BF4B-00C04F79EFBC}") = "lab_17_datetime", "lab_17_datetime\lab_17_datetime.csproj", "{D917C571-0953-466F-A6C7-959182A256B1}"
EndProject
Project("{FAE04EC0-301F-11D3-BF4B-00C04F79EFBC}") = "lab_18_data_types", "lab_18_data_types\lab_18_data_types.csproj", "{AB386145-7C23-4357-93BA-055EE16FF7FC}"
EndProject
Project("{FAE04EC0-301F-11D3-BF4B-00C04F79EFBC}") = "lab_19_casting", "lab_19_casting\lab_19_casting.csproj", "{55924DCB-1A08-4282-9324-0C8E37FA6D75}"
EndProject
Project("{FAE04EC0-301F-11D3-BF4B-00C04F79EFBC}") = "lab_20_truth_tables", "lab_20_truth_tables\lab_20_truth_tables.csproj", "{6A822D18-C625-4426-805E-84D7F80A9739}"
EndProject
Project("{FAE04EC0-301F-11D3-BF4B-00C04F79EFBC}") = "lab_201_basic coding", "lab_201_basic coding\lab_201_basic coding.csproj", "{7185427F-5459-4F92-88D5-1026F7B0FFCC}"
EndProject
Project("{FAE04EC0-301F-11D3-BF4B-00C04F79EFBC}") = "Code_Wars", "Code_Wars\Code_Wars.csproj", "{9A6F6B35-4755-440C-87A4-519EBF5D932B}"
EndProject
Project("{FAE04EC0-301F-11D3-BF4B-00C04F79EFBC}") = "lab_21_review", "lab_21_review\lab_21_review.csproj", "{7CD36751-2691-4A3C-B2C8-A0851A5E84C9}"
EndProject
Project("{FAE04EC0-301F-11D3-BF4B-00C04F79EFBC}") = "lab_22_Classes", "lab_22_Classes\lab_22_Classes.csproj", "{555B2D65-9638-4D88-B28A-8DC3205AD5CB}"
EndProject
Project("{FAE04EC0-301F-11D3-BF4B-00C04F79EFBC}") = "lab_23_Classes", "lab_23_Classes\lab_23_Classes.csproj", "{B9E673B5-91C1-4E6E-91B3-FED303F5638E}"
EndProject
Project("{FAE04EC0-301F-11D3-BF4B-00C04F79EFBC}") = "lab_24_inheritance", "lab_24_inheritance\lab_24_inheritance.csproj", "{6F18BB32-23DC-456B-8425-F59C8319FBE0}"
EndProject
Project("{FAE04EC0-301F-11D3-BF4B-00C04F79EFBC}") = "lab_25_methods", "lab_25_methods\lab_25_methods.csproj", "{D92A7451-9AF4-4E9A-B884-411B9CA18AE5}"
EndProject
Project("{FAE04EC0-301F-11D3-BF4B-00C04F79EFBC}") = "lab_26_methods2", "lab_26_methods2\lab_26_methods2.csproj", "{62F3E3EC-5DF9-4F5C-98F9-32A6C6F77AB4}"
EndProject
Project("{FAE04EC0-301F-11D3-BF4B-00C04F79EFBC}") = "lab_27_class_methods", "lab_27_class_methods\lab_27_class_methods.csproj", "{105F893D-5860-40FD-AD88-A400BE6AF71F}"
EndProject
Project("{FAE04EC0-301F-11D3-BF4B-00C04F79EFBC}") = "homework_count1000", "homework\homework_count1000.csproj", "{9A322B0B-10BD-4445-8FAE-2CE0ADDE5231}"
EndProject
Project("{FAE04EC0-301F-11D3-BF4B-00C04F79EFBC}") = "ListQueuesStacks", "ListQueuesStacks\ListQueuesStacks.csproj", "{C5F2AAFA-A639-438F-9C63-5366E28FA487}"
EndProject
Project("{FAE04EC0-301F-11D3-BF4B-00C04F79EFBC}") = "lab_29_collections", "lab_29_collections\lab_29_collections.csproj", "{51AA903E-C8E5-4ACD-800D-6BAF8DC89E29}"
EndProject
Project("{FAE04EC0-301F-11D3-BF4B-00C04F79EFBC}") = "lab_30_queue", "lab_30_queue\lab_30_queue.csproj", "{A0E6DF62-1093-4AEE-93BF-515B3D4B12CB}"
EndProject
Project("{FAE04EC0-301F-11D3-BF4B-00C04F79EFBC}") = "lab_31_class_with_properties", "lab_31_class_with_properties\lab_31_class_with_properties.csproj", "{635B2AF4-8818-4383-AD06-16F09FEF110A}"
EndProject
Project("{FAE04EC0-301F-11D3-BF4B-00C04F79EFBC}") = "lab_32_methods", "lab_32_methods\lab_32_methods.csproj", "{ADC7D0DE-3830-4141-B41B-52444E66FB44}"
EndProject
Project("{FAE04EC0-301F-11D3-BF4B-00C04F79EFBC}") = "lab_33_parameters", "lab_33_parameters\lab_33_parameters.csproj", "{1A5DC1DF-6A82-4772-B8F5-3B1E222A0F8D}"
EndProject
Project("{FAE04EC0-301F-11D3-BF4B-00C04F79EFBC}") = "lab_34_optional_and_named_parameters", "lab_34_optional_and_named_parameters\lab_34_optional_and_named_parameters.csproj", "{A1D418E7-EA86-4769-8B8F-90AC0E57FE45}"
EndProject
Project("{FAE04EC0-301F-11D3-BF4B-00C04F79EFBC}") = "lab_35_constructors", "lab_35_constructors\lab_35_constructors.csproj", "{EC4DA974-5EE9-444E-851B-135055672B48}"
EndProject
Project("{FAE04EC0-301F-11D3-BF4B-00C04F79EFBC}") = "lab_36_overloading", "lab_36_overloading\lab_36_overloading.csproj", "{CEEF9AA6-E422-4D09-81DD-28D2BD284810}"
EndProject
Project("{FAE04EC0-301F-11D3-BF4B-00C04F79EFBC}") = "lab_37_by_reference", "lab_37_by_reference\lab_37_by_reference.csproj", "{DA555155-88AA-4990-AA18-7DC23643001F}"
EndProject
Project("{FAE04EC0-301F-11D3-BF4B-00C04F79EFBC}") = "lab_38_pass_object_into_method", "lab_38_pass_object_into_method\lab_38_pass_object_into_method.csproj", "{D4384ACB-6241-438F-B6ED-D14AA1C695B9}"
EndProject
Project("{FAE04EC0-301F-11D3-BF4B-00C04F79EFBC}") = "lab_39_Polymorphism", "lab_39_Polymorphism\lab_39_Polymorphism.csproj", "{A047BA16-3729-4850-A473-F8B0471F13F5}"
EndProject
Project("{FAE04EC0-301F-11D3-BF4B-00C04F79EFBC}") = "lab_39_part2", "lab_39_part2\lab_39_part2.csproj", "{BB6DD1BA-79B7-4799-A722-4D53FBD20997}"
EndProject
Project("{FAE04EC0-301F-11D3-BF4B-00C04F79EFBC}") = "lab_40_abstracts", "lab_40_abstracts\lab_40_abstracts.csproj", "{4EAF7915-0940-4FEF-9B3A-40B0D875CF9B}"
EndProject
Project("{FAE04EC0-301F-11D3-BF4B-00C04F79EFBC}") = "Homework_1_collection", "HomeworkWeek3\Homework_1_collection.csproj", "{3855C1B4-3B60-476D-A3FA-D0D4E0F0C643}"
EndProject
Project("{FAE04EC0-301F-11D3-BF4B-00C04F79EFBC}") = "Homework_2_Classes", "Homework_2_Classes\Homework_2_Classes.csproj", "{037D02BC-0507-43A8-B851-0EEFCA77C8E9}"
EndProject
Project("{FAE04EC0-301F-11D3-BF4B-00C04F79EFBC}") = "Homework_3_Methods", "Homework_3_Methods\Homework_3_Methods.csproj", "{30F6AD22-83FD-481D-8C56-DE2FEB4805ED}"
EndProject
Project("{FAE04EC0-301F-11D3-BF4B-00C04F79EFBC}") = "Homework_4_Methods_dog", "Homework_4_Methods_dog\Homework_4_Methods_dog.csproj", "{24F9A7AD-73CB-4E18-A4CC-6A04657A8245}"
EndProject
Project("{FAE04EC0-301F-11D3-BF4B-00C04F79EFBC}") = "lab_41_constructor_review", "lab_41_constructor_review\lab_41_constructor_review.csproj", "{5BC79ED2-A650-4FDF-B7AF-DFE7B1CD15B9}"
EndProject
Project("{FAE04EC0-301F-11D3-BF4B-00C04F79EFBC}") = "lab_42_testme", "lab_42_testme\lab_42_testme.csproj", "{C71331F8-817C-4886-BDBE-2AB0D11AADC9}"
EndProject
Project("{FAE04EC0-301F-11D3-BF4B-00C04F79EFBC}") = "Tests_Microsoft", "Tests_Microsoft\Tests_Microsoft.csproj", "{F508E272-0EC2-4292-841D-B4118F3D323B}"
EndProject
Project("{9A19103F-16F7-4668-BE54-9A1E7A4F7556}") = "Test_Nunit", "Test_Nunit\Test_Nunit.csproj", "{CF3F14CC-9AA8-4119-B726-70020C9009D8}"
EndProject
Project("{FAE04EC0-301F-11D3-BF4B-00C04F79EFBC}") = "lab_43_Entity", "lab_43_Entity\lab_43_Entity.csproj", "{3E6BE9D8-C3BA-46B6-A83D-9C866659DD8A}"
EndProject
Project("{FAE04EC0-301F-11D3-BF4B-00C04F79EFBC}") = "GAME_WPF", "WPF_game\GAME_WPF.csproj", "{19CB91CE-AAED-470D-961C-E4873D9913EF}"
EndProject
Project("{FAE04EC0-301F-11D3-BF4B-00C04F79EFBC}") = "lab_44_entity", "lab_44_entity\lab_44_entity.csproj", "{8AD81FA7-6BE2-428F-AD2F-0554DBDA35DD}"
EndProject
Project("{FAE04EC0-301F-11D3-BF4B-00C04F79EFBC}") = "lab_45_file_operations", "lab_45_file_operations\lab_45_file_operations.csproj", "{84BEA203-A557-458B-942D-E661E4198517}"
EndProject
Project("{FAE04EC0-301F-11D3-BF4B-00C04F79EFBC}") = "lab_46_dictionary", "lab_46_dictionary\lab_46_dictionary.csproj", "{83245738-72A9-4767-A0A1-DEE8D5242812}"
EndProject
Project("{FAE04EC0-301F-11D3-BF4B-00C04F79EFBC}") = "lab102_homework", "lab_102_homework\lab102_homework.csproj", "{CE347997-2513-4E88-AB00-07407ECD22CC}"
EndProject
Project("{FAE04EC0-301F-11D3-BF4B-00C04F79EFBC}") = "lab_47_break_continue", "lav_47_break_continue\lab_47_break_continue.csproj", "{5568B191-91FD-4D2D-9A10-18DB05424304}"
EndProject
Project("{FAE04EC0-301F-11D3-BF4B-00C04F79EFBC}") = "lab_48_Return", "lab_48_Return\lab_48_Return.csproj", "{3DB34D1B-0C32-4C4B-BDE1-57F5AC3F2D9C}"
EndProject
Project("{FAE04EC0-301F-11D3-BF4B-00C04F79EFBC}") = "lab_49_Throw", "lab_49_Throw\lab_49_Throw.csproj", "{46CE647A-8F70-40CB-9CEF-1D3051A9CCC2}"
EndProject
Project("{FAE04EC0-301F-11D3-BF4B-00C04F79EFBC}") = "Lab_50_exceptions", "Lab_50_exceptions\Lab_50_exceptions.csproj", "{8BE4F52C-311B-4F06-ADC5-096B31645899}"
EndProject
Project("{FAE04EC0-301F-11D3-BF4B-00C04F79EFBC}") = "lab_51_throw", "lab_51_throw\lab_51_throw.csproj", "{2505AF1D-7245-4B5A-9DA7-C04C01E11448}"
EndProject
Project("{FAE04EC0-301F-11D3-BF4B-00C04F79EFBC}") = "lab_52_WPF", "lab_52_WPF\lab_52_WPF.csproj", "{B3414417-0C01-4C70-B861-5FCD4FE8F4DF}"
EndProject
Project("{FAE04EC0-301F-11D3-BF4B-00C04F79EFBC}") = "Homework_5_Dog01", "Homework_5_Dog01\Homework_5_Dog01.csproj", "{5198D34A-B9AC-4258-9058-ADFFFAE1EBC2}"
EndProject
Project("{FAE04EC0-301F-11D3-BF4B-00C04F79EFBC}") = "Homework_6_Dog02_Polymorphism", "Homework_6_Dog02_Polymorphism\Homework_6_Dog02_Polymorphism.csproj", "{9F4816B1-B5C4-433C-B32D-3DAEFD394CFA}"
EndProject
Project("{FAE04EC0-301F-11D3-BF4B-00C04F79EFBC}") = "Homework_7_Int", "Homework_7_Int\Homework_7_Int.csproj", "{1745A40B-3513-4647-904C-21B92FF01A87}"
EndProject
Project("{FAE04EC0-301F-11D3-BF4B-00C04F79EFBC}") = "Homework_8_Arrays", "Homework_8_Arrays\Homework_8_Arrays.csproj", "{E9E89F9F-AFC6-4F23-A289-61F297ED8E67}"
EndProject
Project("{FAE04EC0-301F-11D3-BF4B-00C04F79EFBC}") = "Homework_9_NUNIT", "Homework_9_NUNIT\Homework_9_NUNIT.csproj", "{A38B2B15-F175-4C18-967A-ADB57F3A5C0A}"
EndProject
Project("{9A19103F-16F7-4668-BE54-9A1E7A4F7556}") = "homework_9_NUNITtesting", "homework_9_NUNITtesting\homework_9_NUNITtesting.csproj", "{F9FFF492-C7BE-4D95-9E46-BE0E4F854E4D}"
EndProject
Project("{FAE04EC0-301F-11D3-BF4B-00C04F79EFBC}") = "lab_54_Review", "lab_54_Review\lab_54_Review.csproj", "{C4C98995-97BE-4353-8611-3242841A2E1D}"
EndProject
Project("{FAE04EC0-301F-11D3-BF4B-00C04F79EFBC}") = "lab_55_revision", "lab_55_revision\lab_55_revision.csproj", "{A7E96290-DD68-441B-94AF-B47818DEE270}"
EndProject
Project("{FAE04EC0-301F-11D3-BF4B-00C04F79EFBC}") = "lab_56_events", "lab_56_events\lab_56_events.csproj", "{3A488DA4-7A59-4CDA-8BBF-64E743B39A81}"
EndProject
Project("{FAE04EC0-301F-11D3-BF4B-00C04F79EFBC}") = "homework_10_Nunit", "homework_10_Nunit\homework_10_Nunit.csproj", "{44FB1651-5F52-4CEC-9E48-91837903378C}"
EndProject
Project("{FAE04EC0-301F-11D3-BF4B-00C04F79EFBC}") = "Homework_11_Classes_Methods", "Homework_11_Classes_Methods\Homework_11_Classes_Methods.csproj", "{6605DF99-2919-4252-AB1C-49916DDFF8E4}"
EndProject
Project("{9A19103F-16F7-4668-BE54-9A1E7A4F7556}") = "Homework_13_Stopwatch", "Homework_13_Stopwatch\Homework_13_Stopwatch.csproj", "{4B849807-76FF-47A8-A889-4B9B12FD1CEE}"
EndProject
Project("{9A19103F-16F7-4668-BE54-9A1E7A4F7556}") = "Homework_14_Polymorphism", "Homework_14_Polymorphism\Homework_14_Polymorphism.csproj", "{AAC5FABB-2F08-485C-90B3-22C11C9861FA}"
EndProject
Project("{9A19103F-16F7-4668-BE54-9A1E7A4F7556}") = "homework_15_ASCII", "homework_15_ASCII\homework_15_ASCII.csproj", "{AFFD8A40-8E07-416D-B2A7-5E2FE1DA26FA}"
EndProject
Project("{9A19103F-16F7-4668-BE54-9A1E7A4F7556}") = "lab_57_revision", "lab_57_revision\lab_57_revision.csproj", "{CD0C47AF-1456-48D1-B270-59E682D2D40B}"
EndProject
Project("{9A19103F-16F7-4668-BE54-9A1E7A4F7556}") = "lab_58_constructor_inheritance", "lab_58_constructor_inheritance\lab_58_constructor_inheritance.csproj", "{6B77D30F-5985-43F5-AE14-F25159A69B8B}"
EndProject
Project("{9A19103F-16F7-4668-BE54-9A1E7A4F7556}") = "lab_59_Interfaces", "lab_59_Interfaces\lab_59_Interfaces.csproj", "{8A2C26A8-5367-475F-ACC4-75441EA5749D}"
EndProject
Project("{9A19103F-16F7-4668-BE54-9A1E7A4F7556}") = "SomeTests", "SomeTests\SomeTests.csproj", "{92422BB9-3BBA-4C8B-AF25-8806609ED059}"
EndProject
Project("{9A19103F-16F7-4668-BE54-9A1E7A4F7556}") = "Homework_16_inheritance_abstract", "Homework_16_inheritance_abstract\Homework_16_inheritance_abstract.csproj", "{9E88A3D8-72F2-4F15-802C-A69BF56E5D58}"
EndProject
Project("{FAE04EC0-301F-11D3-BF4B-00C04F79EFBC}") = "lab_60_asp_northwind", "lab_60_asp_northwind\lab_60_asp_northwind.csproj", "{CB092AD3-7112-45C8-A00E-029BC69D13A4}"
EndProject
Project("{FAE04EC0-301F-11D3-BF4B-00C04F79EFBC}") = "lab_61_raw_sql", "lab_61_raw_sql\lab_61_raw_sql.csproj", "{501D6EBB-8C42-4F8A-8B3E-BC9B467D2769}"
EndProject
Project("{9A19103F-16F7-4668-BE54-9A1E7A4F7556}") = "homework_17_code_outs_practise", "homework_17_code_outs_practise\homework_17_code_outs_practise.csproj", "{019DB483-8A98-4349-B654-7F452288598D}"
EndProject
Project("{9A19103F-16F7-4668-BE54-9A1E7A4F7556}") = "lab_62_struct", "lab_62_struct\lab_62_struct.csproj", "{84F26BDA-271A-4B19-9CA6-799B957F3F01}"
EndProject
Project("{9A19103F-16F7-4668-BE54-9A1E7A4F7556}") = "lab_63_Enum", "lab_63_Enum\lab_63_Enum.csproj", "{7FC2DD65-4265-48D5-A187-5764F1167E81}"
EndProject
Project("{9A19103F-16F7-4668-BE54-9A1E7A4F7556}") = "lab_64_base", "lab_64_base\lab_64_base.csproj", "{7F9617E4-B73B-4FD2-B36E-5604CA91764A}"
EndProject
Project("{FAE04EC0-301F-11D3-BF4B-00C04F79EFBC}") = "lab_65_base_constructor", "lab_65_base_constructor\lab_65_base_constructor.csproj", "{B033671A-E5FE-48D2-AC3D-2B59A83A1994}"
EndProject
Project("{FAE04EC0-301F-11D3-BF4B-00C04F79EFBC}") = "lab_66_razor_page", "lab_66_razor_page\lab_66_razor_page.csproj", "{DA1C12B0-78B9-4305-9FB8-8429B1CF2D21}"
EndProject
Project("{FAE04EC0-301F-11D3-BF4B-00C04F79EFBC}") = "lab_67_razor", "lab_67_razor\lab_67_razor.csproj", "{7AFD0D10-CBCC-498F-802D-9026CFBF8ABD}"
EndProject
Project("{FAE04EC0-301F-11D3-BF4B-00C04F79EFBC}") = "lab_68_API", "lab_68_API\lab_68_API.csproj", "{CB4C9279-134F-4796-B2FD-9DEF49C61922}"
EndProject
Project("{FAE04EC0-301F-11D3-BF4B-00C04F79EFBC}") = "RabbitPopulationExplosion", "RabbitPopulationExplosion\RabbitPopulationExplosion.csproj", "{7CAB1A8E-927B-40AE-8AB1-8D73A9A59B0B}"
EndProject
Project("{FAE04EC0-301F-11D3-BF4B-00C04F79EFBC}") = "Project_Rabbit_Population_Explosion", "Project_Rabbit_Population_Explosion\Project_Rabbit_Population_Explosion.csproj", "{CD575870-BEAD-44DC-9F13-0C09438484A7}"
EndProject
Project("{FAE04EC0-301F-11D3-BF4B-00C04F79EFBC}") = "RabbitWPF", "RabbitWPF\RabbitWPF.csproj", "{F80C9649-ECFD-4BFF-944C-232E859BBAC6}"
EndProject
Project("{FAE04EC0-301F-11D3-BF4B-00C04F79EFBC}") = "hw_104_WPF_Northwind_entity_project", "hw_104_WPF_Northwind_entity_project\hw_104_WPF_Northwind_entity_project.csproj", "{4F5418B2-2C91-40F8-A5AA-6C8688B973F4}"
EndProject
Project("{FAE04EC0-301F-11D3-BF4B-00C04F79EFBC}") = "lab_69_WPF_Entity_CRUD", "lab_69_WPF_Entity\lab_69_WPF_Entity_CRUD.csproj", "{87916808-8336-484A-98BD-7E17A43814BF}"
EndProject
Project("{FAE04EC0-301F-11D3-BF4B-00C04F79EFBC}") = "lab_70_LINQ", "lab_70_LINQ\lab_70_LINQ.csproj", "{F6D92858-BAB5-49EC-BF26-9C2A5443E577}"
EndProject
Project("{FAE04EC0-301F-11D3-BF4B-00C04F79EFBC}") = "lab_71_Lazy_loading", "lab_71_Lazy_loading\lab_71_Lazy_loading.csproj", "{E6C21942-D6C4-4583-9C1B-D61098ECF6A1}"
EndProject
Project("{FAE04EC0-301F-11D3-BF4B-00C04F79EFBC}") = "lab_72_LINQ_Join", "lab_72_LINQ_Join\lab_72_LINQ_Join.csproj", "{02A551C1-807D-44D7-B95F-A561F4B0AA54}"
EndProject
Project("{FAE04EC0-301F-11D3-BF4B-00C04F79EFBC}") = "lab_73_dynamic", "lab_73_dynamic\lab_73_dynamic.csproj", "{E5884B32-2A85-41D4-B246-140D0589DFDF}"
EndProject
Project("{FAE04EC0-301F-11D3-BF4B-00C04F79EFBC}") = "lab_74_CompareTo", "lab_74_CompareTo\lab_74_CompareTo.csproj", "{97A0EC10-0E43-4BD0-859E-D82E121CEAB6}"
EndProject
Project("{FAE04EC0-301F-11D3-BF4B-00C04F79EFBC}") = "lab_75_checked", "lab_75_checked\lab_75_checked.csproj", "{A706478D-F461-4B2B-A2CF-2501B3BC4C40}"
EndProject
Project("{9A19103F-16F7-4668-BE54-9A1E7A4F7556}") = "lab_76_Console_Core", "lab_76_Console_Core\lab_76_Console_Core.csproj", "{FA1652AB-32B4-45AB-AB51-3055F95FD0A0}"
EndProject
Project("{9A19103F-16F7-4668-BE54-9A1E7A4F7556}") = "lab_77_Entity_Core", "lab_77_Entity_Core\lab_77_Entity_Core.csproj", "{415676DA-C280-47C3-8764-B40BD3550730}"
EndProject
Project("{FAE04EC0-301F-11D3-BF4B-00C04F79EFBC}") = "A_Project_ToDoDatabase", "hw_105_ToDoDatabase\A_Project_ToDoDatabase.csproj", "{3FCB563B-677E-4364-A892-4782C31B1654}"
EndProject
Project("{FAE04EC0-301F-11D3-BF4B-00C04F79EFBC}") = "lab_78_Tasks", "lab_78_Tasks\lab_78_Tasks.csproj", "{98547643-0326-4F62-B0C6-38418B183B99}"
EndProject
Project("{FAE04EC0-301F-11D3-BF4B-00C04F79EFBC}") = "lab_79_Task_Wait", "lab_79_Task_Wait\lab_79_Task_Wait.csproj", "{363DAFCF-A3C2-4C65-B92B-6E2850B9E572}"
EndProject
Project("{FAE04EC0-301F-11D3-BF4B-00C04F79EFBC}") = "hw_106_InterviewPrep", "InterviewPrep\hw_106_InterviewPrep.csproj", "{8AFE5224-9C7A-4C91-980F-CB07E9952A6F}"
EndProject
Project("{FAE04EC0-301F-11D3-BF4B-00C04F79EFBC}") = "hw_107_enum", "hw_lab_107_enum\hw_107_enum.csproj", "{B7C17F9B-8E95-4158-8433-172B9B5D52E0}"
EndProject
Project("{9A19103F-16F7-4668-BE54-9A1E7A4F7556}") = "lab_80_ASP_Core_Web", "lab_80_ASP_Core_Web\lab_80_ASP_Core_Web.csproj", "{6524FA7D-B561-4860-864E-8BC87A8FC5ED}"
EndProject
Project("{9A19103F-16F7-4668-BE54-9A1E7A4F7556}") = "A_Project_ASPCORE_HP", "hw_108_ASP_Core_Web\A_Project_ASPCORE_HP.csproj", "{7B56147D-868F-45E6-9225-0120AEDA4475}"
EndProject
Project("{FAE04EC0-301F-11D3-BF4B-00C04F79EFBC}") = "lab_81_ASP_ToDo__", "lab_81_ASP_ToDo__\lab_81_ASP_ToDo__.csproj", "{39CED096-0B34-4506-B3BD-89BC9A05D6A7}"
EndProject
Project("{FAE04EC0-301F-11D3-BF4B-00C04F79EFBC}") = "lab_82_Tuple", "lab_82_Tuple\lab_82_Tuple.csproj", "{FD2EC06C-7303-4702-9135-8F3213C9530B}"
EndProject
Project("{9A19103F-16F7-4668-BE54-9A1E7A4F7556}") = "lab_83_ASP_Core_Add_Records", "lab_83_ASP_Core_Add_Records\lab_83_ASP_Core_Add_Records.csproj", "{83E66379-115D-4705-9F24-D797A487BD4D}"
EndProject
Project("{FAE04EC0-301F-11D3-BF4B-00C04F79EFBC}") = "lab_82_scartchpad", "lab_82_scartchpad\lab_82_scartchpad.csproj", "{77FC4E2B-3408-4D99-AD28-1CE1F7C0434F}"
EndProject
Project("{9A19103F-16F7-4668-BE54-9A1E7A4F7556}") = "hw_109_linq_aggregate", "hw_109_linq_aggregate\hw_109_linq_aggregate.csproj", "{4EF7AE6C-E98B-4348-83FD-AA012D495404}"
EndProject
Project("{9A19103F-16F7-4668-BE54-9A1E7A4F7556}") = "project_b", "project_b\project_b.csproj", "{4573930F-67EE-4275-BE8D-EEC26ECEBF06}"
EndProject
Project("{9A19103F-16F7-4668-BE54-9A1E7A4F7556}") = "hw_110_Stream_Reader", "hw_110_Stream_Reader\hw_110_Stream_Reader.csproj", "{669B9519-7C93-467B-BA3B-6010298C0915}"
EndProject
Project("{9A19103F-16F7-4668-BE54-9A1E7A4F7556}") = "hw_110_StreamReaderPhils", "hw_110_StreamReaderPhils\hw_110_StreamReaderPhils.csproj", "{CEEFE9C9-EFCC-4054-8494-BC4F7BA96857}"
EndProject
Project("{FAE04EC0-301F-11D3-BF4B-00C04F79EFBC}") = "lab_84_ASP_MVC_With_Authentication", "lab_84_ASP_MVC_With_Authentication\lab_84_ASP_MVC_With_Authentication.csproj", "{BF0B9323-C859-422D-925D-699B75071767}"
EndProject
Project("{9A19103F-16F7-4668-BE54-9A1E7A4F7556}") = "lab_85_streaming", "lab_85_streaming\lab_85_streaming.csproj", "{9C3E43B5-C1FA-4FD3-98D7-C3C7053D6DAC}"
EndProject
Project("{9A19103F-16F7-4668-BE54-9A1E7A4F7556}") = "lab_86_await_streaming", "lab_86_await_streaming\lab_86_await_streaming.csproj", "{97DA8F3D-CE55-4225-8A0E-DF0031DE3E76}"
EndProject
Project("{9A19103F-16F7-4668-BE54-9A1E7A4F7556}") = "lab_87_serialize", "lab_87_serialize\lab_87_serialize.csproj", "{D834D7B1-7221-4987-9124-BC6E7EEC3565}"
EndProject
Project("{9A19103F-16F7-4668-BE54-9A1E7A4F7556}") = "lab_88_JSON_Newtonsoft", "lab_88_JSON_Newtonsoft\lab_88_JSON_Newtonsoft.csproj", "{A2F7408B-466D-4BFD-AD09-38065949C5FE}"
EndProject
Project("{9A19103F-16F7-4668-BE54-9A1E7A4F7556}") = "hw_111_azure_with_asp_core", "hw_111_azure_with_asp_core\hw_111_azure_with_asp_core.csproj", "{3AD41862-3C50-4299-80FB-713835584FB7}"
EndProject
Project("{FAE04EC0-301F-11D3-BF4B-00C04F79EFBC}") = "lab_89_API", "lab_89_API\lab_89_API.csproj", "{9126C6EE-2232-4637-8C6D-95623DFA19E0}"
EndProject
Project("{FAE04EC0-301F-11D3-BF4B-00C04F79EFBC}") = "lab_90_MVC_CORE", "lab_90_MVC_CORE\lab_90_MVC_CORE.csproj", "{86A24285-D1FB-4D3A-8BEF-1005878D9ED2}"
EndProject
Project("{FAE04EC0-301F-11D3-BF4B-00C04F79EFBC}") = "lab_91_MVC_CORE_fromScratch", "lab_91_MVC_CORE_fromScratch\lab_91_MVC_CORE_fromScratch.csproj", "{532C5DB7-309F-4257-A9C6-1A28F1763D68}"
EndProject
Project("{FAE04EC0-301F-11D3-BF4B-00C04F79EFBC}") = "hw_112_MVC_lab91", "hw_112_MVC_lab91\hw_112_MVC_lab91.csproj", "{933217A3-7AAF-4EE2-BDE4-5C74F730858F}"
EndProject
Global
	GlobalSection(SolutionConfigurationPlatforms) = preSolution
		Debug|Any CPU = Debug|Any CPU
		Release|Any CPU = Release|Any CPU
	EndGlobalSection
	GlobalSection(ProjectConfigurationPlatforms) = postSolution
		{19ACB2C1-B98F-4FE3-BEE9-9316017B113C}.Debug|Any CPU.ActiveCfg = Debug|Any CPU
		{19ACB2C1-B98F-4FE3-BEE9-9316017B113C}.Debug|Any CPU.Build.0 = Debug|Any CPU
		{19ACB2C1-B98F-4FE3-BEE9-9316017B113C}.Release|Any CPU.ActiveCfg = Release|Any CPU
		{19ACB2C1-B98F-4FE3-BEE9-9316017B113C}.Release|Any CPU.Build.0 = Release|Any CPU
		{AAE1E3AC-E6B5-4CCE-A3CE-098A5AAC7A43}.Debug|Any CPU.ActiveCfg = Debug|Any CPU
		{AAE1E3AC-E6B5-4CCE-A3CE-098A5AAC7A43}.Debug|Any CPU.Build.0 = Debug|Any CPU
		{AAE1E3AC-E6B5-4CCE-A3CE-098A5AAC7A43}.Release|Any CPU.ActiveCfg = Release|Any CPU
		{AAE1E3AC-E6B5-4CCE-A3CE-098A5AAC7A43}.Release|Any CPU.Build.0 = Release|Any CPU
		{7A3E78C1-D411-41B9-A728-4801ABF12543}.Debug|Any CPU.ActiveCfg = Debug|Any CPU
		{7A3E78C1-D411-41B9-A728-4801ABF12543}.Debug|Any CPU.Build.0 = Debug|Any CPU
		{7A3E78C1-D411-41B9-A728-4801ABF12543}.Release|Any CPU.ActiveCfg = Release|Any CPU
		{7A3E78C1-D411-41B9-A728-4801ABF12543}.Release|Any CPU.Build.0 = Release|Any CPU
		{157A554F-F90D-4439-84AB-208EFEB255DE}.Debug|Any CPU.ActiveCfg = Debug|Any CPU
		{157A554F-F90D-4439-84AB-208EFEB255DE}.Debug|Any CPU.Build.0 = Debug|Any CPU
		{157A554F-F90D-4439-84AB-208EFEB255DE}.Release|Any CPU.ActiveCfg = Release|Any CPU
		{157A554F-F90D-4439-84AB-208EFEB255DE}.Release|Any CPU.Build.0 = Release|Any CPU
		{9C74BDE5-CD65-49B8-B63D-589F34FFFA63}.Debug|Any CPU.ActiveCfg = Debug|Any CPU
		{9C74BDE5-CD65-49B8-B63D-589F34FFFA63}.Debug|Any CPU.Build.0 = Debug|Any CPU
		{9C74BDE5-CD65-49B8-B63D-589F34FFFA63}.Release|Any CPU.ActiveCfg = Release|Any CPU
		{9C74BDE5-CD65-49B8-B63D-589F34FFFA63}.Release|Any CPU.Build.0 = Release|Any CPU
		{3DBDF9FC-46BF-4E6E-B677-7790A60B249D}.Debug|Any CPU.ActiveCfg = Debug|Any CPU
		{3DBDF9FC-46BF-4E6E-B677-7790A60B249D}.Debug|Any CPU.Build.0 = Debug|Any CPU
		{3DBDF9FC-46BF-4E6E-B677-7790A60B249D}.Release|Any CPU.ActiveCfg = Release|Any CPU
		{3DBDF9FC-46BF-4E6E-B677-7790A60B249D}.Release|Any CPU.Build.0 = Release|Any CPU
		{13A8B8BD-8DF4-460D-A9E2-CCE5DE9B3B4B}.Debug|Any CPU.ActiveCfg = Debug|Any CPU
		{13A8B8BD-8DF4-460D-A9E2-CCE5DE9B3B4B}.Debug|Any CPU.Build.0 = Debug|Any CPU
		{13A8B8BD-8DF4-460D-A9E2-CCE5DE9B3B4B}.Release|Any CPU.ActiveCfg = Release|Any CPU
		{13A8B8BD-8DF4-460D-A9E2-CCE5DE9B3B4B}.Release|Any CPU.Build.0 = Release|Any CPU
		{3A721747-F929-4FBE-A505-78067523729D}.Debug|Any CPU.ActiveCfg = Debug|Any CPU
		{3A721747-F929-4FBE-A505-78067523729D}.Debug|Any CPU.Build.0 = Debug|Any CPU
		{3A721747-F929-4FBE-A505-78067523729D}.Release|Any CPU.ActiveCfg = Release|Any CPU
		{3A721747-F929-4FBE-A505-78067523729D}.Release|Any CPU.Build.0 = Release|Any CPU
		{8C25A339-6418-488B-8868-FF3F85EC0023}.Debug|Any CPU.ActiveCfg = Debug|Any CPU
		{8C25A339-6418-488B-8868-FF3F85EC0023}.Debug|Any CPU.Build.0 = Debug|Any CPU
		{8C25A339-6418-488B-8868-FF3F85EC0023}.Release|Any CPU.ActiveCfg = Release|Any CPU
		{8C25A339-6418-488B-8868-FF3F85EC0023}.Release|Any CPU.Build.0 = Release|Any CPU
		{17C62061-38FD-489B-A91D-1403E7198D54}.Debug|Any CPU.ActiveCfg = Debug|Any CPU
		{17C62061-38FD-489B-A91D-1403E7198D54}.Debug|Any CPU.Build.0 = Debug|Any CPU
		{17C62061-38FD-489B-A91D-1403E7198D54}.Release|Any CPU.ActiveCfg = Release|Any CPU
		{17C62061-38FD-489B-A91D-1403E7198D54}.Release|Any CPU.Build.0 = Release|Any CPU
		{7793C4A4-1050-49FC-8601-1F027277181A}.Debug|Any CPU.ActiveCfg = Debug|Any CPU
		{7793C4A4-1050-49FC-8601-1F027277181A}.Debug|Any CPU.Build.0 = Debug|Any CPU
		{7793C4A4-1050-49FC-8601-1F027277181A}.Release|Any CPU.ActiveCfg = Release|Any CPU
		{7793C4A4-1050-49FC-8601-1F027277181A}.Release|Any CPU.Build.0 = Release|Any CPU
		{C50DE4E0-FDEB-4310-8028-234150113587}.Debug|Any CPU.ActiveCfg = Debug|Any CPU
		{C50DE4E0-FDEB-4310-8028-234150113587}.Debug|Any CPU.Build.0 = Debug|Any CPU
		{C50DE4E0-FDEB-4310-8028-234150113587}.Release|Any CPU.ActiveCfg = Release|Any CPU
		{C50DE4E0-FDEB-4310-8028-234150113587}.Release|Any CPU.Build.0 = Release|Any CPU
		{963A2064-F4AE-4567-AF9E-4CF652E87C22}.Debug|Any CPU.ActiveCfg = Release|Any CPU
		{963A2064-F4AE-4567-AF9E-4CF652E87C22}.Debug|Any CPU.Build.0 = Release|Any CPU
		{963A2064-F4AE-4567-AF9E-4CF652E87C22}.Release|Any CPU.ActiveCfg = Release|Any CPU
		{963A2064-F4AE-4567-AF9E-4CF652E87C22}.Release|Any CPU.Build.0 = Release|Any CPU
		{76A83E37-8FF8-44AC-A988-01525295BA77}.Debug|Any CPU.ActiveCfg = Debug|Any CPU
		{76A83E37-8FF8-44AC-A988-01525295BA77}.Debug|Any CPU.Build.0 = Debug|Any CPU
		{76A83E37-8FF8-44AC-A988-01525295BA77}.Release|Any CPU.ActiveCfg = Release|Any CPU
		{76A83E37-8FF8-44AC-A988-01525295BA77}.Release|Any CPU.Build.0 = Release|Any CPU
		{1FAA8BE0-C0BF-4F2D-84C2-865EEEB06CD4}.Debug|Any CPU.ActiveCfg = Debug|Any CPU
		{1FAA8BE0-C0BF-4F2D-84C2-865EEEB06CD4}.Debug|Any CPU.Build.0 = Debug|Any CPU
		{1FAA8BE0-C0BF-4F2D-84C2-865EEEB06CD4}.Release|Any CPU.ActiveCfg = Release|Any CPU
		{1FAA8BE0-C0BF-4F2D-84C2-865EEEB06CD4}.Release|Any CPU.Build.0 = Release|Any CPU
		{27C5FEC9-6DD5-4F67-8D82-BF182C5223A9}.Debug|Any CPU.ActiveCfg = Debug|Any CPU
		{27C5FEC9-6DD5-4F67-8D82-BF182C5223A9}.Debug|Any CPU.Build.0 = Debug|Any CPU
		{27C5FEC9-6DD5-4F67-8D82-BF182C5223A9}.Release|Any CPU.ActiveCfg = Release|Any CPU
		{27C5FEC9-6DD5-4F67-8D82-BF182C5223A9}.Release|Any CPU.Build.0 = Release|Any CPU
		{D917C571-0953-466F-A6C7-959182A256B1}.Debug|Any CPU.ActiveCfg = Debug|Any CPU
		{D917C571-0953-466F-A6C7-959182A256B1}.Debug|Any CPU.Build.0 = Debug|Any CPU
		{D917C571-0953-466F-A6C7-959182A256B1}.Release|Any CPU.ActiveCfg = Release|Any CPU
		{D917C571-0953-466F-A6C7-959182A256B1}.Release|Any CPU.Build.0 = Release|Any CPU
		{AB386145-7C23-4357-93BA-055EE16FF7FC}.Debug|Any CPU.ActiveCfg = Debug|Any CPU
		{AB386145-7C23-4357-93BA-055EE16FF7FC}.Debug|Any CPU.Build.0 = Debug|Any CPU
		{AB386145-7C23-4357-93BA-055EE16FF7FC}.Release|Any CPU.ActiveCfg = Release|Any CPU
		{AB386145-7C23-4357-93BA-055EE16FF7FC}.Release|Any CPU.Build.0 = Release|Any CPU
		{55924DCB-1A08-4282-9324-0C8E37FA6D75}.Debug|Any CPU.ActiveCfg = Debug|Any CPU
		{55924DCB-1A08-4282-9324-0C8E37FA6D75}.Debug|Any CPU.Build.0 = Debug|Any CPU
		{55924DCB-1A08-4282-9324-0C8E37FA6D75}.Release|Any CPU.ActiveCfg = Release|Any CPU
		{55924DCB-1A08-4282-9324-0C8E37FA6D75}.Release|Any CPU.Build.0 = Release|Any CPU
		{6A822D18-C625-4426-805E-84D7F80A9739}.Debug|Any CPU.ActiveCfg = Debug|Any CPU
		{6A822D18-C625-4426-805E-84D7F80A9739}.Debug|Any CPU.Build.0 = Debug|Any CPU
		{6A822D18-C625-4426-805E-84D7F80A9739}.Release|Any CPU.ActiveCfg = Release|Any CPU
		{6A822D18-C625-4426-805E-84D7F80A9739}.Release|Any CPU.Build.0 = Release|Any CPU
		{7185427F-5459-4F92-88D5-1026F7B0FFCC}.Debug|Any CPU.ActiveCfg = Debug|Any CPU
		{7185427F-5459-4F92-88D5-1026F7B0FFCC}.Debug|Any CPU.Build.0 = Debug|Any CPU
		{7185427F-5459-4F92-88D5-1026F7B0FFCC}.Release|Any CPU.ActiveCfg = Release|Any CPU
		{7185427F-5459-4F92-88D5-1026F7B0FFCC}.Release|Any CPU.Build.0 = Release|Any CPU
		{9A6F6B35-4755-440C-87A4-519EBF5D932B}.Debug|Any CPU.ActiveCfg = Debug|Any CPU
		{9A6F6B35-4755-440C-87A4-519EBF5D932B}.Debug|Any CPU.Build.0 = Debug|Any CPU
		{9A6F6B35-4755-440C-87A4-519EBF5D932B}.Release|Any CPU.ActiveCfg = Release|Any CPU
		{9A6F6B35-4755-440C-87A4-519EBF5D932B}.Release|Any CPU.Build.0 = Release|Any CPU
		{7CD36751-2691-4A3C-B2C8-A0851A5E84C9}.Debug|Any CPU.ActiveCfg = Debug|Any CPU
		{7CD36751-2691-4A3C-B2C8-A0851A5E84C9}.Debug|Any CPU.Build.0 = Debug|Any CPU
		{7CD36751-2691-4A3C-B2C8-A0851A5E84C9}.Release|Any CPU.ActiveCfg = Release|Any CPU
		{7CD36751-2691-4A3C-B2C8-A0851A5E84C9}.Release|Any CPU.Build.0 = Release|Any CPU
		{555B2D65-9638-4D88-B28A-8DC3205AD5CB}.Debug|Any CPU.ActiveCfg = Debug|Any CPU
		{555B2D65-9638-4D88-B28A-8DC3205AD5CB}.Debug|Any CPU.Build.0 = Debug|Any CPU
		{555B2D65-9638-4D88-B28A-8DC3205AD5CB}.Release|Any CPU.ActiveCfg = Release|Any CPU
		{555B2D65-9638-4D88-B28A-8DC3205AD5CB}.Release|Any CPU.Build.0 = Release|Any CPU
		{B9E673B5-91C1-4E6E-91B3-FED303F5638E}.Debug|Any CPU.ActiveCfg = Debug|Any CPU
		{B9E673B5-91C1-4E6E-91B3-FED303F5638E}.Debug|Any CPU.Build.0 = Debug|Any CPU
		{B9E673B5-91C1-4E6E-91B3-FED303F5638E}.Release|Any CPU.ActiveCfg = Release|Any CPU
		{B9E673B5-91C1-4E6E-91B3-FED303F5638E}.Release|Any CPU.Build.0 = Release|Any CPU
		{6F18BB32-23DC-456B-8425-F59C8319FBE0}.Debug|Any CPU.ActiveCfg = Debug|Any CPU
		{6F18BB32-23DC-456B-8425-F59C8319FBE0}.Debug|Any CPU.Build.0 = Debug|Any CPU
		{6F18BB32-23DC-456B-8425-F59C8319FBE0}.Release|Any CPU.ActiveCfg = Release|Any CPU
		{6F18BB32-23DC-456B-8425-F59C8319FBE0}.Release|Any CPU.Build.0 = Release|Any CPU
		{D92A7451-9AF4-4E9A-B884-411B9CA18AE5}.Debug|Any CPU.ActiveCfg = Debug|Any CPU
		{D92A7451-9AF4-4E9A-B884-411B9CA18AE5}.Debug|Any CPU.Build.0 = Debug|Any CPU
		{D92A7451-9AF4-4E9A-B884-411B9CA18AE5}.Release|Any CPU.ActiveCfg = Release|Any CPU
		{D92A7451-9AF4-4E9A-B884-411B9CA18AE5}.Release|Any CPU.Build.0 = Release|Any CPU
		{62F3E3EC-5DF9-4F5C-98F9-32A6C6F77AB4}.Debug|Any CPU.ActiveCfg = Debug|Any CPU
		{62F3E3EC-5DF9-4F5C-98F9-32A6C6F77AB4}.Debug|Any CPU.Build.0 = Debug|Any CPU
		{62F3E3EC-5DF9-4F5C-98F9-32A6C6F77AB4}.Release|Any CPU.ActiveCfg = Release|Any CPU
		{62F3E3EC-5DF9-4F5C-98F9-32A6C6F77AB4}.Release|Any CPU.Build.0 = Release|Any CPU
		{105F893D-5860-40FD-AD88-A400BE6AF71F}.Debug|Any CPU.ActiveCfg = Debug|Any CPU
		{105F893D-5860-40FD-AD88-A400BE6AF71F}.Debug|Any CPU.Build.0 = Debug|Any CPU
		{105F893D-5860-40FD-AD88-A400BE6AF71F}.Release|Any CPU.ActiveCfg = Release|Any CPU
		{105F893D-5860-40FD-AD88-A400BE6AF71F}.Release|Any CPU.Build.0 = Release|Any CPU
		{9A322B0B-10BD-4445-8FAE-2CE0ADDE5231}.Debug|Any CPU.ActiveCfg = Debug|Any CPU
		{9A322B0B-10BD-4445-8FAE-2CE0ADDE5231}.Debug|Any CPU.Build.0 = Debug|Any CPU
		{9A322B0B-10BD-4445-8FAE-2CE0ADDE5231}.Release|Any CPU.ActiveCfg = Release|Any CPU
		{9A322B0B-10BD-4445-8FAE-2CE0ADDE5231}.Release|Any CPU.Build.0 = Release|Any CPU
		{C5F2AAFA-A639-438F-9C63-5366E28FA487}.Debug|Any CPU.ActiveCfg = Debug|Any CPU
		{C5F2AAFA-A639-438F-9C63-5366E28FA487}.Debug|Any CPU.Build.0 = Debug|Any CPU
		{C5F2AAFA-A639-438F-9C63-5366E28FA487}.Release|Any CPU.ActiveCfg = Release|Any CPU
		{C5F2AAFA-A639-438F-9C63-5366E28FA487}.Release|Any CPU.Build.0 = Release|Any CPU
		{51AA903E-C8E5-4ACD-800D-6BAF8DC89E29}.Debug|Any CPU.ActiveCfg = Debug|Any CPU
		{51AA903E-C8E5-4ACD-800D-6BAF8DC89E29}.Debug|Any CPU.Build.0 = Debug|Any CPU
		{51AA903E-C8E5-4ACD-800D-6BAF8DC89E29}.Release|Any CPU.ActiveCfg = Release|Any CPU
		{51AA903E-C8E5-4ACD-800D-6BAF8DC89E29}.Release|Any CPU.Build.0 = Release|Any CPU
		{A0E6DF62-1093-4AEE-93BF-515B3D4B12CB}.Debug|Any CPU.ActiveCfg = Debug|Any CPU
		{A0E6DF62-1093-4AEE-93BF-515B3D4B12CB}.Debug|Any CPU.Build.0 = Debug|Any CPU
		{A0E6DF62-1093-4AEE-93BF-515B3D4B12CB}.Release|Any CPU.ActiveCfg = Release|Any CPU
		{A0E6DF62-1093-4AEE-93BF-515B3D4B12CB}.Release|Any CPU.Build.0 = Release|Any CPU
		{635B2AF4-8818-4383-AD06-16F09FEF110A}.Debug|Any CPU.ActiveCfg = Debug|Any CPU
		{635B2AF4-8818-4383-AD06-16F09FEF110A}.Debug|Any CPU.Build.0 = Debug|Any CPU
		{635B2AF4-8818-4383-AD06-16F09FEF110A}.Release|Any CPU.ActiveCfg = Release|Any CPU
		{635B2AF4-8818-4383-AD06-16F09FEF110A}.Release|Any CPU.Build.0 = Release|Any CPU
		{ADC7D0DE-3830-4141-B41B-52444E66FB44}.Debug|Any CPU.ActiveCfg = Debug|Any CPU
		{ADC7D0DE-3830-4141-B41B-52444E66FB44}.Debug|Any CPU.Build.0 = Debug|Any CPU
		{ADC7D0DE-3830-4141-B41B-52444E66FB44}.Release|Any CPU.ActiveCfg = Release|Any CPU
		{ADC7D0DE-3830-4141-B41B-52444E66FB44}.Release|Any CPU.Build.0 = Release|Any CPU
		{1A5DC1DF-6A82-4772-B8F5-3B1E222A0F8D}.Debug|Any CPU.ActiveCfg = Debug|Any CPU
		{1A5DC1DF-6A82-4772-B8F5-3B1E222A0F8D}.Debug|Any CPU.Build.0 = Debug|Any CPU
		{1A5DC1DF-6A82-4772-B8F5-3B1E222A0F8D}.Release|Any CPU.ActiveCfg = Release|Any CPU
		{1A5DC1DF-6A82-4772-B8F5-3B1E222A0F8D}.Release|Any CPU.Build.0 = Release|Any CPU
		{A1D418E7-EA86-4769-8B8F-90AC0E57FE45}.Debug|Any CPU.ActiveCfg = Debug|Any CPU
		{A1D418E7-EA86-4769-8B8F-90AC0E57FE45}.Debug|Any CPU.Build.0 = Debug|Any CPU
		{A1D418E7-EA86-4769-8B8F-90AC0E57FE45}.Release|Any CPU.ActiveCfg = Release|Any CPU
		{A1D418E7-EA86-4769-8B8F-90AC0E57FE45}.Release|Any CPU.Build.0 = Release|Any CPU
		{EC4DA974-5EE9-444E-851B-135055672B48}.Debug|Any CPU.ActiveCfg = Debug|Any CPU
		{EC4DA974-5EE9-444E-851B-135055672B48}.Debug|Any CPU.Build.0 = Debug|Any CPU
		{EC4DA974-5EE9-444E-851B-135055672B48}.Release|Any CPU.ActiveCfg = Release|Any CPU
		{EC4DA974-5EE9-444E-851B-135055672B48}.Release|Any CPU.Build.0 = Release|Any CPU
		{CEEF9AA6-E422-4D09-81DD-28D2BD284810}.Debug|Any CPU.ActiveCfg = Debug|Any CPU
		{CEEF9AA6-E422-4D09-81DD-28D2BD284810}.Debug|Any CPU.Build.0 = Debug|Any CPU
		{CEEF9AA6-E422-4D09-81DD-28D2BD284810}.Release|Any CPU.ActiveCfg = Release|Any CPU
		{CEEF9AA6-E422-4D09-81DD-28D2BD284810}.Release|Any CPU.Build.0 = Release|Any CPU
		{DA555155-88AA-4990-AA18-7DC23643001F}.Debug|Any CPU.ActiveCfg = Debug|Any CPU
		{DA555155-88AA-4990-AA18-7DC23643001F}.Debug|Any CPU.Build.0 = Debug|Any CPU
		{DA555155-88AA-4990-AA18-7DC23643001F}.Release|Any CPU.ActiveCfg = Release|Any CPU
		{DA555155-88AA-4990-AA18-7DC23643001F}.Release|Any CPU.Build.0 = Release|Any CPU
		{D4384ACB-6241-438F-B6ED-D14AA1C695B9}.Debug|Any CPU.ActiveCfg = Debug|Any CPU
		{D4384ACB-6241-438F-B6ED-D14AA1C695B9}.Debug|Any CPU.Build.0 = Debug|Any CPU
		{D4384ACB-6241-438F-B6ED-D14AA1C695B9}.Release|Any CPU.ActiveCfg = Release|Any CPU
		{D4384ACB-6241-438F-B6ED-D14AA1C695B9}.Release|Any CPU.Build.0 = Release|Any CPU
		{A047BA16-3729-4850-A473-F8B0471F13F5}.Debug|Any CPU.ActiveCfg = Debug|Any CPU
		{A047BA16-3729-4850-A473-F8B0471F13F5}.Debug|Any CPU.Build.0 = Debug|Any CPU
		{A047BA16-3729-4850-A473-F8B0471F13F5}.Release|Any CPU.ActiveCfg = Release|Any CPU
		{A047BA16-3729-4850-A473-F8B0471F13F5}.Release|Any CPU.Build.0 = Release|Any CPU
		{BB6DD1BA-79B7-4799-A722-4D53FBD20997}.Debug|Any CPU.ActiveCfg = Debug|Any CPU
		{BB6DD1BA-79B7-4799-A722-4D53FBD20997}.Debug|Any CPU.Build.0 = Debug|Any CPU
		{BB6DD1BA-79B7-4799-A722-4D53FBD20997}.Release|Any CPU.ActiveCfg = Release|Any CPU
		{BB6DD1BA-79B7-4799-A722-4D53FBD20997}.Release|Any CPU.Build.0 = Release|Any CPU
		{4EAF7915-0940-4FEF-9B3A-40B0D875CF9B}.Debug|Any CPU.ActiveCfg = Debug|Any CPU
		{4EAF7915-0940-4FEF-9B3A-40B0D875CF9B}.Debug|Any CPU.Build.0 = Debug|Any CPU
		{4EAF7915-0940-4FEF-9B3A-40B0D875CF9B}.Release|Any CPU.ActiveCfg = Release|Any CPU
		{4EAF7915-0940-4FEF-9B3A-40B0D875CF9B}.Release|Any CPU.Build.0 = Release|Any CPU
		{3855C1B4-3B60-476D-A3FA-D0D4E0F0C643}.Debug|Any CPU.ActiveCfg = Debug|Any CPU
		{3855C1B4-3B60-476D-A3FA-D0D4E0F0C643}.Debug|Any CPU.Build.0 = Debug|Any CPU
		{3855C1B4-3B60-476D-A3FA-D0D4E0F0C643}.Release|Any CPU.ActiveCfg = Release|Any CPU
		{3855C1B4-3B60-476D-A3FA-D0D4E0F0C643}.Release|Any CPU.Build.0 = Release|Any CPU
		{037D02BC-0507-43A8-B851-0EEFCA77C8E9}.Debug|Any CPU.ActiveCfg = Debug|Any CPU
		{037D02BC-0507-43A8-B851-0EEFCA77C8E9}.Debug|Any CPU.Build.0 = Debug|Any CPU
		{037D02BC-0507-43A8-B851-0EEFCA77C8E9}.Release|Any CPU.ActiveCfg = Release|Any CPU
		{037D02BC-0507-43A8-B851-0EEFCA77C8E9}.Release|Any CPU.Build.0 = Release|Any CPU
		{30F6AD22-83FD-481D-8C56-DE2FEB4805ED}.Debug|Any CPU.ActiveCfg = Debug|Any CPU
		{30F6AD22-83FD-481D-8C56-DE2FEB4805ED}.Debug|Any CPU.Build.0 = Debug|Any CPU
		{30F6AD22-83FD-481D-8C56-DE2FEB4805ED}.Release|Any CPU.ActiveCfg = Release|Any CPU
		{30F6AD22-83FD-481D-8C56-DE2FEB4805ED}.Release|Any CPU.Build.0 = Release|Any CPU
		{24F9A7AD-73CB-4E18-A4CC-6A04657A8245}.Debug|Any CPU.ActiveCfg = Debug|Any CPU
		{24F9A7AD-73CB-4E18-A4CC-6A04657A8245}.Debug|Any CPU.Build.0 = Debug|Any CPU
		{24F9A7AD-73CB-4E18-A4CC-6A04657A8245}.Release|Any CPU.ActiveCfg = Release|Any CPU
		{24F9A7AD-73CB-4E18-A4CC-6A04657A8245}.Release|Any CPU.Build.0 = Release|Any CPU
		{5BC79ED2-A650-4FDF-B7AF-DFE7B1CD15B9}.Debug|Any CPU.ActiveCfg = Debug|Any CPU
		{5BC79ED2-A650-4FDF-B7AF-DFE7B1CD15B9}.Debug|Any CPU.Build.0 = Debug|Any CPU
		{5BC79ED2-A650-4FDF-B7AF-DFE7B1CD15B9}.Release|Any CPU.ActiveCfg = Release|Any CPU
		{5BC79ED2-A650-4FDF-B7AF-DFE7B1CD15B9}.Release|Any CPU.Build.0 = Release|Any CPU
		{C71331F8-817C-4886-BDBE-2AB0D11AADC9}.Debug|Any CPU.ActiveCfg = Debug|Any CPU
		{C71331F8-817C-4886-BDBE-2AB0D11AADC9}.Debug|Any CPU.Build.0 = Debug|Any CPU
		{C71331F8-817C-4886-BDBE-2AB0D11AADC9}.Release|Any CPU.ActiveCfg = Release|Any CPU
		{C71331F8-817C-4886-BDBE-2AB0D11AADC9}.Release|Any CPU.Build.0 = Release|Any CPU
		{F508E272-0EC2-4292-841D-B4118F3D323B}.Debug|Any CPU.ActiveCfg = Debug|Any CPU
		{F508E272-0EC2-4292-841D-B4118F3D323B}.Debug|Any CPU.Build.0 = Debug|Any CPU
		{F508E272-0EC2-4292-841D-B4118F3D323B}.Release|Any CPU.ActiveCfg = Release|Any CPU
		{F508E272-0EC2-4292-841D-B4118F3D323B}.Release|Any CPU.Build.0 = Release|Any CPU
		{CF3F14CC-9AA8-4119-B726-70020C9009D8}.Debug|Any CPU.ActiveCfg = Debug|Any CPU
		{CF3F14CC-9AA8-4119-B726-70020C9009D8}.Debug|Any CPU.Build.0 = Debug|Any CPU
		{CF3F14CC-9AA8-4119-B726-70020C9009D8}.Release|Any CPU.ActiveCfg = Release|Any CPU
		{CF3F14CC-9AA8-4119-B726-70020C9009D8}.Release|Any CPU.Build.0 = Release|Any CPU
		{3E6BE9D8-C3BA-46B6-A83D-9C866659DD8A}.Debug|Any CPU.ActiveCfg = Debug|Any CPU
		{3E6BE9D8-C3BA-46B6-A83D-9C866659DD8A}.Debug|Any CPU.Build.0 = Debug|Any CPU
		{3E6BE9D8-C3BA-46B6-A83D-9C866659DD8A}.Release|Any CPU.ActiveCfg = Release|Any CPU
		{3E6BE9D8-C3BA-46B6-A83D-9C866659DD8A}.Release|Any CPU.Build.0 = Release|Any CPU
		{19CB91CE-AAED-470D-961C-E4873D9913EF}.Debug|Any CPU.ActiveCfg = Debug|Any CPU
		{19CB91CE-AAED-470D-961C-E4873D9913EF}.Debug|Any CPU.Build.0 = Debug|Any CPU
		{19CB91CE-AAED-470D-961C-E4873D9913EF}.Release|Any CPU.ActiveCfg = Release|Any CPU
		{19CB91CE-AAED-470D-961C-E4873D9913EF}.Release|Any CPU.Build.0 = Release|Any CPU
		{8AD81FA7-6BE2-428F-AD2F-0554DBDA35DD}.Debug|Any CPU.ActiveCfg = Debug|Any CPU
		{8AD81FA7-6BE2-428F-AD2F-0554DBDA35DD}.Debug|Any CPU.Build.0 = Debug|Any CPU
		{8AD81FA7-6BE2-428F-AD2F-0554DBDA35DD}.Release|Any CPU.ActiveCfg = Release|Any CPU
		{8AD81FA7-6BE2-428F-AD2F-0554DBDA35DD}.Release|Any CPU.Build.0 = Release|Any CPU
		{84BEA203-A557-458B-942D-E661E4198517}.Debug|Any CPU.ActiveCfg = Debug|Any CPU
		{84BEA203-A557-458B-942D-E661E4198517}.Debug|Any CPU.Build.0 = Debug|Any CPU
		{84BEA203-A557-458B-942D-E661E4198517}.Release|Any CPU.ActiveCfg = Release|Any CPU
		{84BEA203-A557-458B-942D-E661E4198517}.Release|Any CPU.Build.0 = Release|Any CPU
		{83245738-72A9-4767-A0A1-DEE8D5242812}.Debug|Any CPU.ActiveCfg = Debug|Any CPU
		{83245738-72A9-4767-A0A1-DEE8D5242812}.Debug|Any CPU.Build.0 = Debug|Any CPU
		{83245738-72A9-4767-A0A1-DEE8D5242812}.Release|Any CPU.ActiveCfg = Release|Any CPU
		{83245738-72A9-4767-A0A1-DEE8D5242812}.Release|Any CPU.Build.0 = Release|Any CPU
		{CE347997-2513-4E88-AB00-07407ECD22CC}.Debug|Any CPU.ActiveCfg = Debug|Any CPU
		{CE347997-2513-4E88-AB00-07407ECD22CC}.Debug|Any CPU.Build.0 = Debug|Any CPU
		{CE347997-2513-4E88-AB00-07407ECD22CC}.Release|Any CPU.ActiveCfg = Release|Any CPU
		{CE347997-2513-4E88-AB00-07407ECD22CC}.Release|Any CPU.Build.0 = Release|Any CPU
		{5568B191-91FD-4D2D-9A10-18DB05424304}.Debug|Any CPU.ActiveCfg = Debug|Any CPU
		{5568B191-91FD-4D2D-9A10-18DB05424304}.Debug|Any CPU.Build.0 = Debug|Any CPU
		{5568B191-91FD-4D2D-9A10-18DB05424304}.Release|Any CPU.ActiveCfg = Release|Any CPU
		{5568B191-91FD-4D2D-9A10-18DB05424304}.Release|Any CPU.Build.0 = Release|Any CPU
		{3DB34D1B-0C32-4C4B-BDE1-57F5AC3F2D9C}.Debug|Any CPU.ActiveCfg = Debug|Any CPU
		{3DB34D1B-0C32-4C4B-BDE1-57F5AC3F2D9C}.Debug|Any CPU.Build.0 = Debug|Any CPU
		{3DB34D1B-0C32-4C4B-BDE1-57F5AC3F2D9C}.Release|Any CPU.ActiveCfg = Release|Any CPU
		{3DB34D1B-0C32-4C4B-BDE1-57F5AC3F2D9C}.Release|Any CPU.Build.0 = Release|Any CPU
		{46CE647A-8F70-40CB-9CEF-1D3051A9CCC2}.Debug|Any CPU.ActiveCfg = Debug|Any CPU
		{46CE647A-8F70-40CB-9CEF-1D3051A9CCC2}.Debug|Any CPU.Build.0 = Debug|Any CPU
		{46CE647A-8F70-40CB-9CEF-1D3051A9CCC2}.Release|Any CPU.ActiveCfg = Release|Any CPU
		{46CE647A-8F70-40CB-9CEF-1D3051A9CCC2}.Release|Any CPU.Build.0 = Release|Any CPU
		{8BE4F52C-311B-4F06-ADC5-096B31645899}.Debug|Any CPU.ActiveCfg = Debug|Any CPU
		{8BE4F52C-311B-4F06-ADC5-096B31645899}.Debug|Any CPU.Build.0 = Debug|Any CPU
		{8BE4F52C-311B-4F06-ADC5-096B31645899}.Release|Any CPU.ActiveCfg = Release|Any CPU
		{8BE4F52C-311B-4F06-ADC5-096B31645899}.Release|Any CPU.Build.0 = Release|Any CPU
		{2505AF1D-7245-4B5A-9DA7-C04C01E11448}.Debug|Any CPU.ActiveCfg = Debug|Any CPU
		{2505AF1D-7245-4B5A-9DA7-C04C01E11448}.Debug|Any CPU.Build.0 = Debug|Any CPU
		{2505AF1D-7245-4B5A-9DA7-C04C01E11448}.Release|Any CPU.ActiveCfg = Release|Any CPU
		{2505AF1D-7245-4B5A-9DA7-C04C01E11448}.Release|Any CPU.Build.0 = Release|Any CPU
		{B3414417-0C01-4C70-B861-5FCD4FE8F4DF}.Debug|Any CPU.ActiveCfg = Debug|Any CPU
		{B3414417-0C01-4C70-B861-5FCD4FE8F4DF}.Debug|Any CPU.Build.0 = Debug|Any CPU
		{B3414417-0C01-4C70-B861-5FCD4FE8F4DF}.Release|Any CPU.ActiveCfg = Release|Any CPU
		{B3414417-0C01-4C70-B861-5FCD4FE8F4DF}.Release|Any CPU.Build.0 = Release|Any CPU
		{5198D34A-B9AC-4258-9058-ADFFFAE1EBC2}.Debug|Any CPU.ActiveCfg = Debug|Any CPU
		{5198D34A-B9AC-4258-9058-ADFFFAE1EBC2}.Debug|Any CPU.Build.0 = Debug|Any CPU
		{5198D34A-B9AC-4258-9058-ADFFFAE1EBC2}.Release|Any CPU.ActiveCfg = Release|Any CPU
		{5198D34A-B9AC-4258-9058-ADFFFAE1EBC2}.Release|Any CPU.Build.0 = Release|Any CPU
		{9F4816B1-B5C4-433C-B32D-3DAEFD394CFA}.Debug|Any CPU.ActiveCfg = Debug|Any CPU
		{9F4816B1-B5C4-433C-B32D-3DAEFD394CFA}.Debug|Any CPU.Build.0 = Debug|Any CPU
		{9F4816B1-B5C4-433C-B32D-3DAEFD394CFA}.Release|Any CPU.ActiveCfg = Release|Any CPU
		{9F4816B1-B5C4-433C-B32D-3DAEFD394CFA}.Release|Any CPU.Build.0 = Release|Any CPU
		{1745A40B-3513-4647-904C-21B92FF01A87}.Debug|Any CPU.ActiveCfg = Debug|Any CPU
		{1745A40B-3513-4647-904C-21B92FF01A87}.Debug|Any CPU.Build.0 = Debug|Any CPU
		{1745A40B-3513-4647-904C-21B92FF01A87}.Release|Any CPU.ActiveCfg = Release|Any CPU
		{1745A40B-3513-4647-904C-21B92FF01A87}.Release|Any CPU.Build.0 = Release|Any CPU
		{E9E89F9F-AFC6-4F23-A289-61F297ED8E67}.Debug|Any CPU.ActiveCfg = Debug|Any CPU
		{E9E89F9F-AFC6-4F23-A289-61F297ED8E67}.Debug|Any CPU.Build.0 = Debug|Any CPU
		{E9E89F9F-AFC6-4F23-A289-61F297ED8E67}.Release|Any CPU.ActiveCfg = Release|Any CPU
		{E9E89F9F-AFC6-4F23-A289-61F297ED8E67}.Release|Any CPU.Build.0 = Release|Any CPU
		{A38B2B15-F175-4C18-967A-ADB57F3A5C0A}.Debug|Any CPU.ActiveCfg = Debug|Any CPU
		{A38B2B15-F175-4C18-967A-ADB57F3A5C0A}.Debug|Any CPU.Build.0 = Debug|Any CPU
		{A38B2B15-F175-4C18-967A-ADB57F3A5C0A}.Release|Any CPU.ActiveCfg = Release|Any CPU
		{A38B2B15-F175-4C18-967A-ADB57F3A5C0A}.Release|Any CPU.Build.0 = Release|Any CPU
		{F9FFF492-C7BE-4D95-9E46-BE0E4F854E4D}.Debug|Any CPU.ActiveCfg = Debug|Any CPU
		{F9FFF492-C7BE-4D95-9E46-BE0E4F854E4D}.Debug|Any CPU.Build.0 = Debug|Any CPU
		{F9FFF492-C7BE-4D95-9E46-BE0E4F854E4D}.Release|Any CPU.ActiveCfg = Release|Any CPU
		{F9FFF492-C7BE-4D95-9E46-BE0E4F854E4D}.Release|Any CPU.Build.0 = Release|Any CPU
		{C4C98995-97BE-4353-8611-3242841A2E1D}.Debug|Any CPU.ActiveCfg = Debug|Any CPU
		{C4C98995-97BE-4353-8611-3242841A2E1D}.Debug|Any CPU.Build.0 = Debug|Any CPU
		{C4C98995-97BE-4353-8611-3242841A2E1D}.Release|Any CPU.ActiveCfg = Release|Any CPU
		{C4C98995-97BE-4353-8611-3242841A2E1D}.Release|Any CPU.Build.0 = Release|Any CPU
		{A7E96290-DD68-441B-94AF-B47818DEE270}.Debug|Any CPU.ActiveCfg = Debug|Any CPU
		{A7E96290-DD68-441B-94AF-B47818DEE270}.Debug|Any CPU.Build.0 = Debug|Any CPU
		{A7E96290-DD68-441B-94AF-B47818DEE270}.Release|Any CPU.ActiveCfg = Release|Any CPU
		{A7E96290-DD68-441B-94AF-B47818DEE270}.Release|Any CPU.Build.0 = Release|Any CPU
		{3A488DA4-7A59-4CDA-8BBF-64E743B39A81}.Debug|Any CPU.ActiveCfg = Debug|Any CPU
		{3A488DA4-7A59-4CDA-8BBF-64E743B39A81}.Debug|Any CPU.Build.0 = Debug|Any CPU
		{3A488DA4-7A59-4CDA-8BBF-64E743B39A81}.Release|Any CPU.ActiveCfg = Release|Any CPU
		{3A488DA4-7A59-4CDA-8BBF-64E743B39A81}.Release|Any CPU.Build.0 = Release|Any CPU
		{44FB1651-5F52-4CEC-9E48-91837903378C}.Debug|Any CPU.ActiveCfg = Debug|Any CPU
		{44FB1651-5F52-4CEC-9E48-91837903378C}.Debug|Any CPU.Build.0 = Debug|Any CPU
		{44FB1651-5F52-4CEC-9E48-91837903378C}.Release|Any CPU.ActiveCfg = Release|Any CPU
		{44FB1651-5F52-4CEC-9E48-91837903378C}.Release|Any CPU.Build.0 = Release|Any CPU
		{6605DF99-2919-4252-AB1C-49916DDFF8E4}.Debug|Any CPU.ActiveCfg = Debug|Any CPU
		{6605DF99-2919-4252-AB1C-49916DDFF8E4}.Debug|Any CPU.Build.0 = Debug|Any CPU
		{6605DF99-2919-4252-AB1C-49916DDFF8E4}.Release|Any CPU.ActiveCfg = Release|Any CPU
		{6605DF99-2919-4252-AB1C-49916DDFF8E4}.Release|Any CPU.Build.0 = Release|Any CPU
		{4B849807-76FF-47A8-A889-4B9B12FD1CEE}.Debug|Any CPU.ActiveCfg = Debug|Any CPU
		{4B849807-76FF-47A8-A889-4B9B12FD1CEE}.Debug|Any CPU.Build.0 = Debug|Any CPU
		{4B849807-76FF-47A8-A889-4B9B12FD1CEE}.Release|Any CPU.ActiveCfg = Release|Any CPU
		{4B849807-76FF-47A8-A889-4B9B12FD1CEE}.Release|Any CPU.Build.0 = Release|Any CPU
		{AAC5FABB-2F08-485C-90B3-22C11C9861FA}.Debug|Any CPU.ActiveCfg = Debug|Any CPU
		{AAC5FABB-2F08-485C-90B3-22C11C9861FA}.Debug|Any CPU.Build.0 = Debug|Any CPU
		{AAC5FABB-2F08-485C-90B3-22C11C9861FA}.Release|Any CPU.ActiveCfg = Release|Any CPU
		{AAC5FABB-2F08-485C-90B3-22C11C9861FA}.Release|Any CPU.Build.0 = Release|Any CPU
		{AFFD8A40-8E07-416D-B2A7-5E2FE1DA26FA}.Debug|Any CPU.ActiveCfg = Debug|Any CPU
		{AFFD8A40-8E07-416D-B2A7-5E2FE1DA26FA}.Debug|Any CPU.Build.0 = Debug|Any CPU
		{AFFD8A40-8E07-416D-B2A7-5E2FE1DA26FA}.Release|Any CPU.ActiveCfg = Release|Any CPU
		{AFFD8A40-8E07-416D-B2A7-5E2FE1DA26FA}.Release|Any CPU.Build.0 = Release|Any CPU
		{CD0C47AF-1456-48D1-B270-59E682D2D40B}.Debug|Any CPU.ActiveCfg = Debug|Any CPU
		{CD0C47AF-1456-48D1-B270-59E682D2D40B}.Debug|Any CPU.Build.0 = Debug|Any CPU
		{CD0C47AF-1456-48D1-B270-59E682D2D40B}.Release|Any CPU.ActiveCfg = Release|Any CPU
		{CD0C47AF-1456-48D1-B270-59E682D2D40B}.Release|Any CPU.Build.0 = Release|Any CPU
		{6B77D30F-5985-43F5-AE14-F25159A69B8B}.Debug|Any CPU.ActiveCfg = Debug|Any CPU
		{6B77D30F-5985-43F5-AE14-F25159A69B8B}.Debug|Any CPU.Build.0 = Debug|Any CPU
		{6B77D30F-5985-43F5-AE14-F25159A69B8B}.Release|Any CPU.ActiveCfg = Release|Any CPU
		{6B77D30F-5985-43F5-AE14-F25159A69B8B}.Release|Any CPU.Build.0 = Release|Any CPU
		{8A2C26A8-5367-475F-ACC4-75441EA5749D}.Debug|Any CPU.ActiveCfg = Debug|Any CPU
		{8A2C26A8-5367-475F-ACC4-75441EA5749D}.Debug|Any CPU.Build.0 = Debug|Any CPU
		{8A2C26A8-5367-475F-ACC4-75441EA5749D}.Release|Any CPU.ActiveCfg = Release|Any CPU
		{8A2C26A8-5367-475F-ACC4-75441EA5749D}.Release|Any CPU.Build.0 = Release|Any CPU
		{92422BB9-3BBA-4C8B-AF25-8806609ED059}.Debug|Any CPU.ActiveCfg = Debug|Any CPU
		{92422BB9-3BBA-4C8B-AF25-8806609ED059}.Debug|Any CPU.Build.0 = Debug|Any CPU
		{92422BB9-3BBA-4C8B-AF25-8806609ED059}.Release|Any CPU.ActiveCfg = Release|Any CPU
		{92422BB9-3BBA-4C8B-AF25-8806609ED059}.Release|Any CPU.Build.0 = Release|Any CPU
		{9E88A3D8-72F2-4F15-802C-A69BF56E5D58}.Debug|Any CPU.ActiveCfg = Debug|Any CPU
		{9E88A3D8-72F2-4F15-802C-A69BF56E5D58}.Debug|Any CPU.Build.0 = Debug|Any CPU
		{9E88A3D8-72F2-4F15-802C-A69BF56E5D58}.Release|Any CPU.ActiveCfg = Release|Any CPU
		{9E88A3D8-72F2-4F15-802C-A69BF56E5D58}.Release|Any CPU.Build.0 = Release|Any CPU
		{CB092AD3-7112-45C8-A00E-029BC69D13A4}.Debug|Any CPU.ActiveCfg = Debug|Any CPU
		{CB092AD3-7112-45C8-A00E-029BC69D13A4}.Debug|Any CPU.Build.0 = Debug|Any CPU
		{CB092AD3-7112-45C8-A00E-029BC69D13A4}.Release|Any CPU.ActiveCfg = Release|Any CPU
		{CB092AD3-7112-45C8-A00E-029BC69D13A4}.Release|Any CPU.Build.0 = Release|Any CPU
		{501D6EBB-8C42-4F8A-8B3E-BC9B467D2769}.Debug|Any CPU.ActiveCfg = Debug|Any CPU
		{501D6EBB-8C42-4F8A-8B3E-BC9B467D2769}.Debug|Any CPU.Build.0 = Debug|Any CPU
		{501D6EBB-8C42-4F8A-8B3E-BC9B467D2769}.Release|Any CPU.ActiveCfg = Release|Any CPU
		{501D6EBB-8C42-4F8A-8B3E-BC9B467D2769}.Release|Any CPU.Build.0 = Release|Any CPU
		{019DB483-8A98-4349-B654-7F452288598D}.Debug|Any CPU.ActiveCfg = Debug|Any CPU
		{019DB483-8A98-4349-B654-7F452288598D}.Debug|Any CPU.Build.0 = Debug|Any CPU
		{019DB483-8A98-4349-B654-7F452288598D}.Release|Any CPU.ActiveCfg = Release|Any CPU
		{019DB483-8A98-4349-B654-7F452288598D}.Release|Any CPU.Build.0 = Release|Any CPU
		{84F26BDA-271A-4B19-9CA6-799B957F3F01}.Debug|Any CPU.ActiveCfg = Debug|Any CPU
		{84F26BDA-271A-4B19-9CA6-799B957F3F01}.Debug|Any CPU.Build.0 = Debug|Any CPU
		{84F26BDA-271A-4B19-9CA6-799B957F3F01}.Release|Any CPU.ActiveCfg = Release|Any CPU
		{84F26BDA-271A-4B19-9CA6-799B957F3F01}.Release|Any CPU.Build.0 = Release|Any CPU
		{7FC2DD65-4265-48D5-A187-5764F1167E81}.Debug|Any CPU.ActiveCfg = Debug|Any CPU
		{7FC2DD65-4265-48D5-A187-5764F1167E81}.Debug|Any CPU.Build.0 = Debug|Any CPU
		{7FC2DD65-4265-48D5-A187-5764F1167E81}.Release|Any CPU.ActiveCfg = Release|Any CPU
		{7FC2DD65-4265-48D5-A187-5764F1167E81}.Release|Any CPU.Build.0 = Release|Any CPU
		{7F9617E4-B73B-4FD2-B36E-5604CA91764A}.Debug|Any CPU.ActiveCfg = Debug|Any CPU
		{7F9617E4-B73B-4FD2-B36E-5604CA91764A}.Debug|Any CPU.Build.0 = Debug|Any CPU
		{7F9617E4-B73B-4FD2-B36E-5604CA91764A}.Release|Any CPU.ActiveCfg = Release|Any CPU
		{7F9617E4-B73B-4FD2-B36E-5604CA91764A}.Release|Any CPU.Build.0 = Release|Any CPU
		{B033671A-E5FE-48D2-AC3D-2B59A83A1994}.Debug|Any CPU.ActiveCfg = Debug|Any CPU
		{B033671A-E5FE-48D2-AC3D-2B59A83A1994}.Debug|Any CPU.Build.0 = Debug|Any CPU
		{B033671A-E5FE-48D2-AC3D-2B59A83A1994}.Release|Any CPU.ActiveCfg = Release|Any CPU
		{B033671A-E5FE-48D2-AC3D-2B59A83A1994}.Release|Any CPU.Build.0 = Release|Any CPU
		{DA1C12B0-78B9-4305-9FB8-8429B1CF2D21}.Debug|Any CPU.ActiveCfg = Debug|Any CPU
		{DA1C12B0-78B9-4305-9FB8-8429B1CF2D21}.Debug|Any CPU.Build.0 = Debug|Any CPU
		{DA1C12B0-78B9-4305-9FB8-8429B1CF2D21}.Release|Any CPU.ActiveCfg = Release|Any CPU
		{DA1C12B0-78B9-4305-9FB8-8429B1CF2D21}.Release|Any CPU.Build.0 = Release|Any CPU
		{7AFD0D10-CBCC-498F-802D-9026CFBF8ABD}.Debug|Any CPU.ActiveCfg = Debug|Any CPU
		{7AFD0D10-CBCC-498F-802D-9026CFBF8ABD}.Debug|Any CPU.Build.0 = Debug|Any CPU
		{7AFD0D10-CBCC-498F-802D-9026CFBF8ABD}.Release|Any CPU.ActiveCfg = Release|Any CPU
		{7AFD0D10-CBCC-498F-802D-9026CFBF8ABD}.Release|Any CPU.Build.0 = Release|Any CPU
		{CB4C9279-134F-4796-B2FD-9DEF49C61922}.Debug|Any CPU.ActiveCfg = Debug|Any CPU
		{CB4C9279-134F-4796-B2FD-9DEF49C61922}.Debug|Any CPU.Build.0 = Debug|Any CPU
		{CB4C9279-134F-4796-B2FD-9DEF49C61922}.Release|Any CPU.ActiveCfg = Release|Any CPU
		{CB4C9279-134F-4796-B2FD-9DEF49C61922}.Release|Any CPU.Build.0 = Release|Any CPU
		{7CAB1A8E-927B-40AE-8AB1-8D73A9A59B0B}.Debug|Any CPU.ActiveCfg = Debug|Any CPU
		{7CAB1A8E-927B-40AE-8AB1-8D73A9A59B0B}.Debug|Any CPU.Build.0 = Debug|Any CPU
		{7CAB1A8E-927B-40AE-8AB1-8D73A9A59B0B}.Release|Any CPU.ActiveCfg = Release|Any CPU
		{7CAB1A8E-927B-40AE-8AB1-8D73A9A59B0B}.Release|Any CPU.Build.0 = Release|Any CPU
		{CD575870-BEAD-44DC-9F13-0C09438484A7}.Debug|Any CPU.ActiveCfg = Debug|Any CPU
		{CD575870-BEAD-44DC-9F13-0C09438484A7}.Debug|Any CPU.Build.0 = Debug|Any CPU
		{CD575870-BEAD-44DC-9F13-0C09438484A7}.Release|Any CPU.ActiveCfg = Release|Any CPU
		{CD575870-BEAD-44DC-9F13-0C09438484A7}.Release|Any CPU.Build.0 = Release|Any CPU
		{F80C9649-ECFD-4BFF-944C-232E859BBAC6}.Debug|Any CPU.ActiveCfg = Debug|Any CPU
		{F80C9649-ECFD-4BFF-944C-232E859BBAC6}.Debug|Any CPU.Build.0 = Debug|Any CPU
		{F80C9649-ECFD-4BFF-944C-232E859BBAC6}.Release|Any CPU.ActiveCfg = Release|Any CPU
		{F80C9649-ECFD-4BFF-944C-232E859BBAC6}.Release|Any CPU.Build.0 = Release|Any CPU
		{4F5418B2-2C91-40F8-A5AA-6C8688B973F4}.Debug|Any CPU.ActiveCfg = Debug|Any CPU
		{4F5418B2-2C91-40F8-A5AA-6C8688B973F4}.Debug|Any CPU.Build.0 = Debug|Any CPU
		{4F5418B2-2C91-40F8-A5AA-6C8688B973F4}.Release|Any CPU.ActiveCfg = Release|Any CPU
		{4F5418B2-2C91-40F8-A5AA-6C8688B973F4}.Release|Any CPU.Build.0 = Release|Any CPU
		{87916808-8336-484A-98BD-7E17A43814BF}.Debug|Any CPU.ActiveCfg = Debug|Any CPU
		{87916808-8336-484A-98BD-7E17A43814BF}.Debug|Any CPU.Build.0 = Debug|Any CPU
		{87916808-8336-484A-98BD-7E17A43814BF}.Release|Any CPU.ActiveCfg = Release|Any CPU
		{87916808-8336-484A-98BD-7E17A43814BF}.Release|Any CPU.Build.0 = Release|Any CPU
		{F6D92858-BAB5-49EC-BF26-9C2A5443E577}.Debug|Any CPU.ActiveCfg = Debug|Any CPU
		{F6D92858-BAB5-49EC-BF26-9C2A5443E577}.Debug|Any CPU.Build.0 = Debug|Any CPU
		{F6D92858-BAB5-49EC-BF26-9C2A5443E577}.Release|Any CPU.ActiveCfg = Release|Any CPU
		{F6D92858-BAB5-49EC-BF26-9C2A5443E577}.Release|Any CPU.Build.0 = Release|Any CPU
		{E6C21942-D6C4-4583-9C1B-D61098ECF6A1}.Debug|Any CPU.ActiveCfg = Debug|Any CPU
		{E6C21942-D6C4-4583-9C1B-D61098ECF6A1}.Debug|Any CPU.Build.0 = Debug|Any CPU
		{E6C21942-D6C4-4583-9C1B-D61098ECF6A1}.Release|Any CPU.ActiveCfg = Release|Any CPU
		{E6C21942-D6C4-4583-9C1B-D61098ECF6A1}.Release|Any CPU.Build.0 = Release|Any CPU
		{02A551C1-807D-44D7-B95F-A561F4B0AA54}.Debug|Any CPU.ActiveCfg = Debug|Any CPU
		{02A551C1-807D-44D7-B95F-A561F4B0AA54}.Debug|Any CPU.Build.0 = Debug|Any CPU
		{02A551C1-807D-44D7-B95F-A561F4B0AA54}.Release|Any CPU.ActiveCfg = Release|Any CPU
		{02A551C1-807D-44D7-B95F-A561F4B0AA54}.Release|Any CPU.Build.0 = Release|Any CPU
		{E5884B32-2A85-41D4-B246-140D0589DFDF}.Debug|Any CPU.ActiveCfg = Debug|Any CPU
		{E5884B32-2A85-41D4-B246-140D0589DFDF}.Debug|Any CPU.Build.0 = Debug|Any CPU
		{E5884B32-2A85-41D4-B246-140D0589DFDF}.Release|Any CPU.ActiveCfg = Release|Any CPU
		{E5884B32-2A85-41D4-B246-140D0589DFDF}.Release|Any CPU.Build.0 = Release|Any CPU
		{97A0EC10-0E43-4BD0-859E-D82E121CEAB6}.Debug|Any CPU.ActiveCfg = Debug|Any CPU
		{97A0EC10-0E43-4BD0-859E-D82E121CEAB6}.Debug|Any CPU.Build.0 = Debug|Any CPU
		{97A0EC10-0E43-4BD0-859E-D82E121CEAB6}.Release|Any CPU.ActiveCfg = Release|Any CPU
		{97A0EC10-0E43-4BD0-859E-D82E121CEAB6}.Release|Any CPU.Build.0 = Release|Any CPU
		{A706478D-F461-4B2B-A2CF-2501B3BC4C40}.Debug|Any CPU.ActiveCfg = Debug|Any CPU
		{A706478D-F461-4B2B-A2CF-2501B3BC4C40}.Debug|Any CPU.Build.0 = Debug|Any CPU
		{A706478D-F461-4B2B-A2CF-2501B3BC4C40}.Release|Any CPU.ActiveCfg = Release|Any CPU
		{A706478D-F461-4B2B-A2CF-2501B3BC4C40}.Release|Any CPU.Build.0 = Release|Any CPU
		{FA1652AB-32B4-45AB-AB51-3055F95FD0A0}.Debug|Any CPU.ActiveCfg = Debug|Any CPU
		{FA1652AB-32B4-45AB-AB51-3055F95FD0A0}.Debug|Any CPU.Build.0 = Debug|Any CPU
		{FA1652AB-32B4-45AB-AB51-3055F95FD0A0}.Release|Any CPU.ActiveCfg = Release|Any CPU
		{FA1652AB-32B4-45AB-AB51-3055F95FD0A0}.Release|Any CPU.Build.0 = Release|Any CPU
		{415676DA-C280-47C3-8764-B40BD3550730}.Debug|Any CPU.ActiveCfg = Debug|Any CPU
		{415676DA-C280-47C3-8764-B40BD3550730}.Debug|Any CPU.Build.0 = Debug|Any CPU
		{415676DA-C280-47C3-8764-B40BD3550730}.Release|Any CPU.ActiveCfg = Release|Any CPU
		{415676DA-C280-47C3-8764-B40BD3550730}.Release|Any CPU.Build.0 = Release|Any CPU
		{3FCB563B-677E-4364-A892-4782C31B1654}.Debug|Any CPU.ActiveCfg = Debug|Any CPU
		{3FCB563B-677E-4364-A892-4782C31B1654}.Debug|Any CPU.Build.0 = Debug|Any CPU
		{3FCB563B-677E-4364-A892-4782C31B1654}.Release|Any CPU.ActiveCfg = Release|Any CPU
		{3FCB563B-677E-4364-A892-4782C31B1654}.Release|Any CPU.Build.0 = Release|Any CPU
		{98547643-0326-4F62-B0C6-38418B183B99}.Debug|Any CPU.ActiveCfg = Debug|Any CPU
		{98547643-0326-4F62-B0C6-38418B183B99}.Debug|Any CPU.Build.0 = Debug|Any CPU
		{98547643-0326-4F62-B0C6-38418B183B99}.Release|Any CPU.ActiveCfg = Release|Any CPU
		{98547643-0326-4F62-B0C6-38418B183B99}.Release|Any CPU.Build.0 = Release|Any CPU
		{363DAFCF-A3C2-4C65-B92B-6E2850B9E572}.Debug|Any CPU.ActiveCfg = Debug|Any CPU
		{363DAFCF-A3C2-4C65-B92B-6E2850B9E572}.Debug|Any CPU.Build.0 = Debug|Any CPU
		{363DAFCF-A3C2-4C65-B92B-6E2850B9E572}.Release|Any CPU.ActiveCfg = Release|Any CPU
		{363DAFCF-A3C2-4C65-B92B-6E2850B9E572}.Release|Any CPU.Build.0 = Release|Any CPU
		{8AFE5224-9C7A-4C91-980F-CB07E9952A6F}.Debug|Any CPU.ActiveCfg = Debug|Any CPU
		{8AFE5224-9C7A-4C91-980F-CB07E9952A6F}.Debug|Any CPU.Build.0 = Debug|Any CPU
		{8AFE5224-9C7A-4C91-980F-CB07E9952A6F}.Release|Any CPU.ActiveCfg = Release|Any CPU
		{8AFE5224-9C7A-4C91-980F-CB07E9952A6F}.Release|Any CPU.Build.0 = Release|Any CPU
		{B7C17F9B-8E95-4158-8433-172B9B5D52E0}.Debug|Any CPU.ActiveCfg = Debug|Any CPU
		{B7C17F9B-8E95-4158-8433-172B9B5D52E0}.Debug|Any CPU.Build.0 = Debug|Any CPU
		{B7C17F9B-8E95-4158-8433-172B9B5D52E0}.Release|Any CPU.ActiveCfg = Release|Any CPU
		{B7C17F9B-8E95-4158-8433-172B9B5D52E0}.Release|Any CPU.Build.0 = Release|Any CPU
		{6524FA7D-B561-4860-864E-8BC87A8FC5ED}.Debug|Any CPU.ActiveCfg = Debug|Any CPU
		{6524FA7D-B561-4860-864E-8BC87A8FC5ED}.Debug|Any CPU.Build.0 = Debug|Any CPU
		{6524FA7D-B561-4860-864E-8BC87A8FC5ED}.Release|Any CPU.ActiveCfg = Release|Any CPU
		{6524FA7D-B561-4860-864E-8BC87A8FC5ED}.Release|Any CPU.Build.0 = Release|Any CPU
		{7B56147D-868F-45E6-9225-0120AEDA4475}.Debug|Any CPU.ActiveCfg = Debug|Any CPU
		{7B56147D-868F-45E6-9225-0120AEDA4475}.Debug|Any CPU.Build.0 = Debug|Any CPU
		{7B56147D-868F-45E6-9225-0120AEDA4475}.Release|Any CPU.ActiveCfg = Release|Any CPU
		{7B56147D-868F-45E6-9225-0120AEDA4475}.Release|Any CPU.Build.0 = Release|Any CPU
		{39CED096-0B34-4506-B3BD-89BC9A05D6A7}.Debug|Any CPU.ActiveCfg = Debug|Any CPU
		{39CED096-0B34-4506-B3BD-89BC9A05D6A7}.Debug|Any CPU.Build.0 = Debug|Any CPU
		{39CED096-0B34-4506-B3BD-89BC9A05D6A7}.Release|Any CPU.ActiveCfg = Release|Any CPU
		{39CED096-0B34-4506-B3BD-89BC9A05D6A7}.Release|Any CPU.Build.0 = Release|Any CPU
		{FD2EC06C-7303-4702-9135-8F3213C9530B}.Debug|Any CPU.ActiveCfg = Debug|Any CPU
		{FD2EC06C-7303-4702-9135-8F3213C9530B}.Debug|Any CPU.Build.0 = Debug|Any CPU
		{FD2EC06C-7303-4702-9135-8F3213C9530B}.Release|Any CPU.ActiveCfg = Release|Any CPU
		{FD2EC06C-7303-4702-9135-8F3213C9530B}.Release|Any CPU.Build.0 = Release|Any CPU
		{83E66379-115D-4705-9F24-D797A487BD4D}.Debug|Any CPU.ActiveCfg = Debug|Any CPU
		{83E66379-115D-4705-9F24-D797A487BD4D}.Debug|Any CPU.Build.0 = Debug|Any CPU
		{83E66379-115D-4705-9F24-D797A487BD4D}.Release|Any CPU.ActiveCfg = Release|Any CPU
		{83E66379-115D-4705-9F24-D797A487BD4D}.Release|Any CPU.Build.0 = Release|Any CPU
		{77FC4E2B-3408-4D99-AD28-1CE1F7C0434F}.Debug|Any CPU.ActiveCfg = Debug|Any CPU
		{77FC4E2B-3408-4D99-AD28-1CE1F7C0434F}.Debug|Any CPU.Build.0 = Debug|Any CPU
		{77FC4E2B-3408-4D99-AD28-1CE1F7C0434F}.Release|Any CPU.ActiveCfg = Release|Any CPU
		{77FC4E2B-3408-4D99-AD28-1CE1F7C0434F}.Release|Any CPU.Build.0 = Release|Any CPU
		{4EF7AE6C-E98B-4348-83FD-AA012D495404}.Debug|Any CPU.ActiveCfg = Debug|Any CPU
		{4EF7AE6C-E98B-4348-83FD-AA012D495404}.Debug|Any CPU.Build.0 = Debug|Any CPU
		{4EF7AE6C-E98B-4348-83FD-AA012D495404}.Release|Any CPU.ActiveCfg = Release|Any CPU
		{4EF7AE6C-E98B-4348-83FD-AA012D495404}.Release|Any CPU.Build.0 = Release|Any CPU
		{4573930F-67EE-4275-BE8D-EEC26ECEBF06}.Debug|Any CPU.ActiveCfg = Debug|Any CPU
		{4573930F-67EE-4275-BE8D-EEC26ECEBF06}.Debug|Any CPU.Build.0 = Debug|Any CPU
		{4573930F-67EE-4275-BE8D-EEC26ECEBF06}.Release|Any CPU.ActiveCfg = Release|Any CPU
		{4573930F-67EE-4275-BE8D-EEC26ECEBF06}.Release|Any CPU.Build.0 = Release|Any CPU
		{669B9519-7C93-467B-BA3B-6010298C0915}.Debug|Any CPU.ActiveCfg = Debug|Any CPU
		{669B9519-7C93-467B-BA3B-6010298C0915}.Debug|Any CPU.Build.0 = Debug|Any CPU
		{669B9519-7C93-467B-BA3B-6010298C0915}.Release|Any CPU.ActiveCfg = Release|Any CPU
		{669B9519-7C93-467B-BA3B-6010298C0915}.Release|Any CPU.Build.0 = Release|Any CPU
		{CEEFE9C9-EFCC-4054-8494-BC4F7BA96857}.Debug|Any CPU.ActiveCfg = Debug|Any CPU
		{CEEFE9C9-EFCC-4054-8494-BC4F7BA96857}.Debug|Any CPU.Build.0 = Debug|Any CPU
		{CEEFE9C9-EFCC-4054-8494-BC4F7BA96857}.Release|Any CPU.ActiveCfg = Release|Any CPU
		{CEEFE9C9-EFCC-4054-8494-BC4F7BA96857}.Release|Any CPU.Build.0 = Release|Any CPU
		{BF0B9323-C859-422D-925D-699B75071767}.Debug|Any CPU.ActiveCfg = Debug|Any CPU
		{BF0B9323-C859-422D-925D-699B75071767}.Debug|Any CPU.Build.0 = Debug|Any CPU
		{BF0B9323-C859-422D-925D-699B75071767}.Release|Any CPU.ActiveCfg = Release|Any CPU
		{BF0B9323-C859-422D-925D-699B75071767}.Release|Any CPU.Build.0 = Release|Any CPU
		{9C3E43B5-C1FA-4FD3-98D7-C3C7053D6DAC}.Debug|Any CPU.ActiveCfg = Debug|Any CPU
		{9C3E43B5-C1FA-4FD3-98D7-C3C7053D6DAC}.Debug|Any CPU.Build.0 = Debug|Any CPU
		{9C3E43B5-C1FA-4FD3-98D7-C3C7053D6DAC}.Release|Any CPU.ActiveCfg = Release|Any CPU
		{9C3E43B5-C1FA-4FD3-98D7-C3C7053D6DAC}.Release|Any CPU.Build.0 = Release|Any CPU
		{97DA8F3D-CE55-4225-8A0E-DF0031DE3E76}.Debug|Any CPU.ActiveCfg = Debug|Any CPU
		{97DA8F3D-CE55-4225-8A0E-DF0031DE3E76}.Debug|Any CPU.Build.0 = Debug|Any CPU
		{97DA8F3D-CE55-4225-8A0E-DF0031DE3E76}.Release|Any CPU.ActiveCfg = Release|Any CPU
		{97DA8F3D-CE55-4225-8A0E-DF0031DE3E76}.Release|Any CPU.Build.0 = Release|Any CPU
		{D834D7B1-7221-4987-9124-BC6E7EEC3565}.Debug|Any CPU.ActiveCfg = Debug|Any CPU
		{D834D7B1-7221-4987-9124-BC6E7EEC3565}.Debug|Any CPU.Build.0 = Debug|Any CPU
		{D834D7B1-7221-4987-9124-BC6E7EEC3565}.Release|Any CPU.ActiveCfg = Release|Any CPU
		{D834D7B1-7221-4987-9124-BC6E7EEC3565}.Release|Any CPU.Build.0 = Release|Any CPU
		{A2F7408B-466D-4BFD-AD09-38065949C5FE}.Debug|Any CPU.ActiveCfg = Debug|Any CPU
		{A2F7408B-466D-4BFD-AD09-38065949C5FE}.Debug|Any CPU.Build.0 = Debug|Any CPU
		{A2F7408B-466D-4BFD-AD09-38065949C5FE}.Release|Any CPU.ActiveCfg = Release|Any CPU
		{A2F7408B-466D-4BFD-AD09-38065949C5FE}.Release|Any CPU.Build.0 = Release|Any CPU
		{3AD41862-3C50-4299-80FB-713835584FB7}.Debug|Any CPU.ActiveCfg = Debug|Any CPU
		{3AD41862-3C50-4299-80FB-713835584FB7}.Debug|Any CPU.Build.0 = Debug|Any CPU
		{3AD41862-3C50-4299-80FB-713835584FB7}.Release|Any CPU.ActiveCfg = Release|Any CPU
		{3AD41862-3C50-4299-80FB-713835584FB7}.Release|Any CPU.Build.0 = Release|Any CPU
		{9126C6EE-2232-4637-8C6D-95623DFA19E0}.Debug|Any CPU.ActiveCfg = Debug|Any CPU
		{9126C6EE-2232-4637-8C6D-95623DFA19E0}.Debug|Any CPU.Build.0 = Debug|Any CPU
		{9126C6EE-2232-4637-8C6D-95623DFA19E0}.Release|Any CPU.ActiveCfg = Release|Any CPU
		{9126C6EE-2232-4637-8C6D-95623DFA19E0}.Release|Any CPU.Build.0 = Release|Any CPU
		{86A24285-D1FB-4D3A-8BEF-1005878D9ED2}.Debug|Any CPU.ActiveCfg = Debug|Any CPU
		{86A24285-D1FB-4D3A-8BEF-1005878D9ED2}.Debug|Any CPU.Build.0 = Debug|Any CPU
		{86A24285-D1FB-4D3A-8BEF-1005878D9ED2}.Release|Any CPU.ActiveCfg = Release|Any CPU
		{86A24285-D1FB-4D3A-8BEF-1005878D9ED2}.Release|Any CPU.Build.0 = Release|Any CPU
		{532C5DB7-309F-4257-A9C6-1A28F1763D68}.Debug|Any CPU.ActiveCfg = Debug|Any CPU
		{532C5DB7-309F-4257-A9C6-1A28F1763D68}.Debug|Any CPU.Build.0 = Debug|Any CPU
		{532C5DB7-309F-4257-A9C6-1A28F1763D68}.Release|Any CPU.ActiveCfg = Release|Any CPU
		{532C5DB7-309F-4257-A9C6-1A28F1763D68}.Release|Any CPU.Build.0 = Release|Any CPU
		{933217A3-7AAF-4EE2-BDE4-5C74F730858F}.Debug|Any CPU.ActiveCfg = Debug|Any CPU
		{933217A3-7AAF-4EE2-BDE4-5C74F730858F}.Debug|Any CPU.Build.0 = Debug|Any CPU
		{933217A3-7AAF-4EE2-BDE4-5C74F730858F}.Release|Any CPU.ActiveCfg = Release|Any CPU
		{933217A3-7AAF-4EE2-BDE4-5C74F730858F}.Release|Any CPU.Build.0 = Release|Any CPU
	EndGlobalSection
	GlobalSection(SolutionProperties) = preSolution
		HideSolutionNode = FALSE
	EndGlobalSection
	GlobalSection(ExtensibilityGlobals) = postSolution
		SolutionGuid = {58B02058-A6AA-484F-929B-0226611667F7}
	EndGlobalSection
EndGlobal
